// !$*UTF8*$!
{
	archiveVersion = 1;
	classes = {
	};
	objectVersion = 52;
	objects = {

/* Begin PBXBuildFile section */
		43F08A58BF79250F09731CDD /* Pods_GBShopTests.framework in Frameworks */ = {isa = PBXBuildFile; fileRef = 3A84C60A41D5EB49F2587903 /* Pods_GBShopTests.framework */; };
		88BE15702F805DFFC76E9581 /* Pods_GBShop.framework in Frameworks */ = {isa = PBXBuildFile; fileRef = 8B13EB07550C35F482DD663A /* Pods_GBShop.framework */; };
		B50B48E926121A28009FDB12 /* GoogleService-Info.plist in Resources */ = {isa = PBXBuildFile; fileRef = B50B48E826121A28009FDB12 /* GoogleService-Info.plist */; };
		B50B48F226121DAF009FDB12 /* FireBaseAnalytics.swift in Sources */ = {isa = PBXBuildFile; fileRef = B50B48F126121DAF009FDB12 /* FireBaseAnalytics.swift */; };
		B517A52B25FA381000B4BFC4 /* LoginView.swift in Sources */ = {isa = PBXBuildFile; fileRef = B517A52A25FA381000B4BFC4 /* LoginView.swift */; };
		B517A53325FA382200B4BFC4 /* LoginViewController.swift in Sources */ = {isa = PBXBuildFile; fileRef = B517A53225FA382200B4BFC4 /* LoginViewController.swift */; };
		B517A53825FA383600B4BFC4 /* SignUpView.swift in Sources */ = {isa = PBXBuildFile; fileRef = B517A53725FA383600B4BFC4 /* SignUpView.swift */; };
		B517A53D25FA384800B4BFC4 /* SignUpViewController.swift in Sources */ = {isa = PBXBuildFile; fileRef = B517A53C25FA384800B4BFC4 /* SignUpViewController.swift */; };
		B517A54225FA389300B4BFC4 /* UserInfoPageView.swift in Sources */ = {isa = PBXBuildFile; fileRef = B517A54125FA389300B4BFC4 /* UserInfoPageView.swift */; };
		B517A54725FA38A400B4BFC4 /* UserInfoPageViewController.swift in Sources */ = {isa = PBXBuildFile; fileRef = B517A54625FA38A400B4BFC4 /* UserInfoPageViewController.swift */; };
		B517A54D25FA5CC100B4BFC4 /* AppStartManager.swift in Sources */ = {isa = PBXBuildFile; fileRef = B517A54C25FA5CC100B4BFC4 /* AppStartManager.swift */; };
		B518C33725DC327200433FA6 /* AbstractErrorParser.swift in Sources */ = {isa = PBXBuildFile; fileRef = B518C33625DC327200433FA6 /* AbstractErrorParser.swift */; };
		B518C33C25DC3A4C00433FA6 /* ErrorParser.swift in Sources */ = {isa = PBXBuildFile; fileRef = B518C33B25DC3A4C00433FA6 /* ErrorParser.swift */; };
		B518C34225DC3C7100433FA6 /* Alamofire in Frameworks */ = {isa = PBXBuildFile; productRef = B518C34125DC3C7100433FA6 /* Alamofire */; };
		B518C34725DD6BE400433FA6 /* ResponseCodable.swift in Sources */ = {isa = PBXBuildFile; fileRef = B518C34625DD6BE400433FA6 /* ResponseCodable.swift */; };
		B518C34C25DD6C9800433FA6 /* AbstractRequestFactory.swift in Sources */ = {isa = PBXBuildFile; fileRef = B518C34B25DD6C9800433FA6 /* AbstractRequestFactory.swift */; };
		B518C35125DD6CD100433FA6 /* RequestRouter.swift in Sources */ = {isa = PBXBuildFile; fileRef = B518C35025DD6CD100433FA6 /* RequestRouter.swift */; };
		B518C35625DD6D8B00433FA6 /* LoginResult.swift in Sources */ = {isa = PBXBuildFile; fileRef = B518C35525DD6D8B00433FA6 /* LoginResult.swift */; };
		B518C35B25DD6DAC00433FA6 /* User.swift in Sources */ = {isa = PBXBuildFile; fileRef = B518C35A25DD6DAC00433FA6 /* User.swift */; };
		B518C36025DD6DFF00433FA6 /* AuthRequestFactory.swift in Sources */ = {isa = PBXBuildFile; fileRef = B518C35F25DD6DFF00433FA6 /* AuthRequestFactory.swift */; };
		B518C36525DD6E4D00433FA6 /* Auth.swift in Sources */ = {isa = PBXBuildFile; fileRef = B518C36425DD6E4D00433FA6 /* Auth.swift */; };
		B518C36A25DD6E8700433FA6 /* RequestFactory.swift in Sources */ = {isa = PBXBuildFile; fileRef = B518C36925DD6E8700433FA6 /* RequestFactory.swift */; };
		B518C37725DD7C2200433FA6 /* SignUpResult.swift in Sources */ = {isa = PBXBuildFile; fileRef = B518C37625DD7C2200433FA6 /* SignUpResult.swift */; };
		B518C37C25DD7C9400433FA6 /* SignUpRequestFactory.swift in Sources */ = {isa = PBXBuildFile; fileRef = B518C37B25DD7C9400433FA6 /* SignUpRequestFactory.swift */; };
		B518C38125DD7DAB00433FA6 /* SignUp.swift in Sources */ = {isa = PBXBuildFile; fileRef = B518C38025DD7DAB00433FA6 /* SignUp.swift */; };
		B518C38725DD88DF00433FA6 /* LogoutRequestFactory.swift in Sources */ = {isa = PBXBuildFile; fileRef = B518C38625DD88DF00433FA6 /* LogoutRequestFactory.swift */; };
		B518C38F25DD88F800433FA6 /* Logout.swift in Sources */ = {isa = PBXBuildFile; fileRef = B518C38E25DD88F800433FA6 /* Logout.swift */; };
		B518C39425DD895900433FA6 /* LogoutResult.swift in Sources */ = {isa = PBXBuildFile; fileRef = B518C39325DD895900433FA6 /* LogoutResult.swift */; };
		B518C3A625DD8CF000433FA6 /* ChangeUserDataRequestFactory.swift in Sources */ = {isa = PBXBuildFile; fileRef = B518C3A525DD8CF000433FA6 /* ChangeUserDataRequestFactory.swift */; };
		B518C3AE25DD8D0400433FA6 /* ChangeUserData.swift in Sources */ = {isa = PBXBuildFile; fileRef = B518C3AD25DD8D0400433FA6 /* ChangeUserData.swift */; };
		B518C3B325DD8D7800433FA6 /* ChangeUserDataResult.swift in Sources */ = {isa = PBXBuildFile; fileRef = B518C3B225DD8D7800433FA6 /* ChangeUserDataResult.swift */; };
		B52278C425F09B9B0033E06D /* .swiftlint.yml in Resources */ = {isa = PBXBuildFile; fileRef = B52278C325F09B9B0033E06D /* .swiftlint.yml */; };
		B52278CA25F0A4FF0033E06D /* AddReview.swift in Sources */ = {isa = PBXBuildFile; fileRef = B52278C925F0A4FF0033E06D /* AddReview.swift */; };
		B52278CF25F0A5150033E06D /* AddReviewRequestFactory.swift in Sources */ = {isa = PBXBuildFile; fileRef = B52278CE25F0A5150033E06D /* AddReviewRequestFactory.swift */; };
		B52278D425F0A9EB0033E06D /* AddReviewResult.swift in Sources */ = {isa = PBXBuildFile; fileRef = B52278D325F0A9EB0033E06D /* AddReviewResult.swift */; };
		B52278DA25F0AD820033E06D /* RemoveReview.swift in Sources */ = {isa = PBXBuildFile; fileRef = B52278D925F0AD820033E06D /* RemoveReview.swift */; };
		B52278E225F0AD970033E06D /* RemoveReviewRequestFactory.swift in Sources */ = {isa = PBXBuildFile; fileRef = B52278E125F0AD970033E06D /* RemoveReviewRequestFactory.swift */; };
		B52278E725F0ADBD0033E06D /* RemoveReviewResult.swift in Sources */ = {isa = PBXBuildFile; fileRef = B52278E625F0ADBD0033E06D /* RemoveReviewResult.swift */; };
		B52278ED25F0B2F40033E06D /* ApproveReview.swift in Sources */ = {isa = PBXBuildFile; fileRef = B52278EC25F0B2F40033E06D /* ApproveReview.swift */; };
		B52278F225F0B31E0033E06D /* ApproveReviewRequestFactory.swift in Sources */ = {isa = PBXBuildFile; fileRef = B52278F125F0B31E0033E06D /* ApproveReviewRequestFactory.swift */; };
		B52278F725F0B33E0033E06D /* ApproveReviewResult.swift in Sources */ = {isa = PBXBuildFile; fileRef = B52278F625F0B33E0033E06D /* ApproveReviewResult.swift */; };
		B527ECA5260878D80099BDB7 /* ReviewsView.swift in Sources */ = {isa = PBXBuildFile; fileRef = B527ECA4260878D80099BDB7 /* ReviewsView.swift */; };
		B527ECAD260878F30099BDB7 /* ReviewsViewController.swift in Sources */ = {isa = PBXBuildFile; fileRef = B527ECAC260878F30099BDB7 /* ReviewsViewController.swift */; };
		B527ECB2260879080099BDB7 /* ReviewsCell.swift in Sources */ = {isa = PBXBuildFile; fileRef = B527ECB1260879080099BDB7 /* ReviewsCell.swift */; };
		B527ECB726087C940099BDB7 /* Review.swift in Sources */ = {isa = PBXBuildFile; fileRef = B527ECB626087C940099BDB7 /* Review.swift */; };
		B527ECC3260C8A700099BDB7 /* ProductsNavigationController.swift in Sources */ = {isa = PBXBuildFile; fileRef = B527ECC2260C8A700099BDB7 /* ProductsNavigationController.swift */; };
		B527ECDD260C9C650099BDB7 /* ReviewsCellDelegate.swift in Sources */ = {isa = PBXBuildFile; fileRef = B527ECDC260C9C650099BDB7 /* ReviewsCellDelegate.swift */; };
		B52FD23C25E2BE3600DC184F /* RequestFactoryTests.swift in Sources */ = {isa = PBXBuildFile; fileRef = B52FD23B25E2BE3600DC184F /* RequestFactoryTests.swift */; };
		B52FD24825E3DF9B00DC184F /* GetProductsCatalog.swift in Sources */ = {isa = PBXBuildFile; fileRef = B52FD24725E3DF9B00DC184F /* GetProductsCatalog.swift */; };
		B52FD25625E3DFFA00DC184F /* GetProductsCatalogRequestFactory.swift in Sources */ = {isa = PBXBuildFile; fileRef = B52FD25525E3DFFA00DC184F /* GetProductsCatalogRequestFactory.swift */; };
		B52FD25B25E3E0EA00DC184F /* ProductsCatalogResult.swift in Sources */ = {isa = PBXBuildFile; fileRef = B52FD25A25E3E0EA00DC184F /* ProductsCatalogResult.swift */; };
		B52FD26125E3E46800DC184F /* GetProductByIdRequestFactory.swift in Sources */ = {isa = PBXBuildFile; fileRef = B52FD26025E3E46800DC184F /* GetProductByIdRequestFactory.swift */; };
		B52FD26925E3E48100DC184F /* GetProductById.swift in Sources */ = {isa = PBXBuildFile; fileRef = B52FD26825E3E48100DC184F /* GetProductById.swift */; };
		B52FD26E25E3EA2D00DC184F /* ProductResult.swift in Sources */ = {isa = PBXBuildFile; fileRef = B52FD26D25E3EA2D00DC184F /* ProductResult.swift */; };
		B548FAFC260CAD6C00AEBF1C /* BasketView.swift in Sources */ = {isa = PBXBuildFile; fileRef = B548FAFB260CAD6C00AEBF1C /* BasketView.swift */; };
		B548FB01260CAD8100AEBF1C /* BasketViewController.swift in Sources */ = {isa = PBXBuildFile; fileRef = B548FB00260CAD8100AEBF1C /* BasketViewController.swift */; };
		B548FB06260CAEE900AEBF1C /* BasketCell.swift in Sources */ = {isa = PBXBuildFile; fileRef = B548FB05260CAEE900AEBF1C /* BasketCell.swift */; };
		B548FB0B260CAF2800AEBF1C /* BasketCellDelegate.swift in Sources */ = {isa = PBXBuildFile; fileRef = B548FB0A260CAF2800AEBF1C /* BasketCellDelegate.swift */; };
		B548FB10260CF19F00AEBF1C /* BasketItem.swift in Sources */ = {isa = PBXBuildFile; fileRef = B548FB0F260CF19F00AEBF1C /* BasketItem.swift */; };
		B550CDB625F67D1600D5E0CC /* GetReviewsResult.swift in Sources */ = {isa = PBXBuildFile; fileRef = B550CDB525F67D1600D5E0CC /* GetReviewsResult.swift */; };
		B550CDBB25F67D8600D5E0CC /* GetReviews.swift in Sources */ = {isa = PBXBuildFile; fileRef = B550CDBA25F67D8600D5E0CC /* GetReviews.swift */; };
		B550CDC125F67DC300D5E0CC /* GetReviewsRequestFactory.swift in Sources */ = {isa = PBXBuildFile; fileRef = B550CDC025F67DC300D5E0CC /* GetReviewsRequestFactory.swift */; };
		B550CDCA25F6806700D5E0CC /* AddToBasket.swift in Sources */ = {isa = PBXBuildFile; fileRef = B550CDC925F6806700D5E0CC /* AddToBasket.swift */; };
		B550CDD225F6807900D5E0CC /* AddToBasketRequestFactory.swift in Sources */ = {isa = PBXBuildFile; fileRef = B550CDD125F6807900D5E0CC /* AddToBasketRequestFactory.swift */; };
		B550CDD725F680DB00D5E0CC /* AddToBasketResult.swift in Sources */ = {isa = PBXBuildFile; fileRef = B550CDD625F680DB00D5E0CC /* AddToBasketResult.swift */; };
		B550CDDF25F682A700D5E0CC /* DeleteFromBasket.swift in Sources */ = {isa = PBXBuildFile; fileRef = B550CDDE25F682A700D5E0CC /* DeleteFromBasket.swift */; };
		B550CDE525F682DD00D5E0CC /* DeleteFromBasketRequestFactory.swift in Sources */ = {isa = PBXBuildFile; fileRef = B550CDE425F682DD00D5E0CC /* DeleteFromBasketRequestFactory.swift */; };
		B550CDEA25F682F600D5E0CC /* DeleteFromBasketResult.swift in Sources */ = {isa = PBXBuildFile; fileRef = B550CDE925F682F600D5E0CC /* DeleteFromBasketResult.swift */; };
		B550CDF225F6854500D5E0CC /* PayBasket.swift in Sources */ = {isa = PBXBuildFile; fileRef = B550CDF125F6854500D5E0CC /* PayBasket.swift */; };
		B550CDF825F6857300D5E0CC /* PayBasketRequestFactory.swift in Sources */ = {isa = PBXBuildFile; fileRef = B550CDF725F6857300D5E0CC /* PayBasketRequestFactory.swift */; };
		B550CE0025F6858C00D5E0CC /* PayBasketResult.swift in Sources */ = {isa = PBXBuildFile; fileRef = B550CDFF25F6858C00D5E0CC /* PayBasketResult.swift */; };
		B55DF8CB26086AA40008DFF7 /* ProductInfoPageView.swift in Sources */ = {isa = PBXBuildFile; fileRef = B55DF8CA26086AA40008DFF7 /* ProductInfoPageView.swift */; };
		B55DF8D226086AE00008DFF7 /* ProductInfoPageViewController.swift in Sources */ = {isa = PBXBuildFile; fileRef = B55DF8D126086AE00008DFF7 /* ProductInfoPageViewController.swift */; };
		B560AB4726026AA20086B443 /* ProductsCatalogView.swift in Sources */ = {isa = PBXBuildFile; fileRef = B560AB4626026AA20086B443 /* ProductsCatalogView.swift */; };
		B560AB4F26026AB10086B443 /* ProductsCatalogViewController.swift in Sources */ = {isa = PBXBuildFile; fileRef = B560AB4E26026AB10086B443 /* ProductsCatalogViewController.swift */; };
		B560AB5426026AC60086B443 /* ProductsCatalogCell.swift in Sources */ = {isa = PBXBuildFile; fileRef = B560AB5326026AC60086B443 /* ProductsCatalogCell.swift */; };
		B560AB59260271B90086B443 /* Product.swift in Sources */ = {isa = PBXBuildFile; fileRef = B560AB58260271B90086B443 /* Product.swift */; };
		B560AB6B26027D270086B443 /* TabBarController.swift in Sources */ = {isa = PBXBuildFile; fileRef = B560AB6A26027D270086B443 /* TabBarController.swift */; };
		B5EEDD7525D83F2400364C1A /* AppDelegate.swift in Sources */ = {isa = PBXBuildFile; fileRef = B5EEDD7425D83F2400364C1A /* AppDelegate.swift */; };
		B5EEDD7725D83F2400364C1A /* SceneDelegate.swift in Sources */ = {isa = PBXBuildFile; fileRef = B5EEDD7625D83F2400364C1A /* SceneDelegate.swift */; };
		B5EEDD7E25D83F2500364C1A /* Assets.xcassets in Resources */ = {isa = PBXBuildFile; fileRef = B5EEDD7D25D83F2500364C1A /* Assets.xcassets */; };
		B5EEDD8125D83F2500364C1A /* LaunchScreen.storyboard in Resources */ = {isa = PBXBuildFile; fileRef = B5EEDD7F25D83F2500364C1A /* LaunchScreen.storyboard */; };
		B5EEDD9725D83F2600364C1A /* GBShopUITests.swift in Sources */ = {isa = PBXBuildFile; fileRef = B5EEDD9625D83F2600364C1A /* GBShopUITests.swift */; };
		F31D8E0C4E9F425C67B700D1 /* Pods_GBShop_GBShopUITests.framework in Frameworks */ = {isa = PBXBuildFile; fileRef = 412AB3D09487258C3AEA187C /* Pods_GBShop_GBShopUITests.framework */; };
/* End PBXBuildFile section */

/* Begin PBXContainerItemProxy section */
		B5EEDD8825D83F2600364C1A /* PBXContainerItemProxy */ = {
			isa = PBXContainerItemProxy;
			containerPortal = B5EEDD6925D83F2400364C1A /* Project object */;
			proxyType = 1;
			remoteGlobalIDString = B5EEDD7025D83F2400364C1A;
			remoteInfo = GBShop;
		};
		B5EEDD9325D83F2600364C1A /* PBXContainerItemProxy */ = {
			isa = PBXContainerItemProxy;
			containerPortal = B5EEDD6925D83F2400364C1A /* Project object */;
			proxyType = 1;
			remoteGlobalIDString = B5EEDD7025D83F2400364C1A;
			remoteInfo = GBShop;
		};
/* End PBXContainerItemProxy section */

/* Begin PBXFileReference section */
		0EEA5C451C69599986393228 /* Pods-GBShopTests.release.xcconfig */ = {isa = PBXFileReference; includeInIndex = 1; lastKnownFileType = text.xcconfig; name = "Pods-GBShopTests.release.xcconfig"; path = "Target Support Files/Pods-GBShopTests/Pods-GBShopTests.release.xcconfig"; sourceTree = "<group>"; };
		0F1B73BD0F746F94A386EA5C /* Pods-GBShop-GBShopUITests.release.xcconfig */ = {isa = PBXFileReference; includeInIndex = 1; lastKnownFileType = text.xcconfig; name = "Pods-GBShop-GBShopUITests.release.xcconfig"; path = "Target Support Files/Pods-GBShop-GBShopUITests/Pods-GBShop-GBShopUITests.release.xcconfig"; sourceTree = "<group>"; };
		251D7DC33DEA1887CCDAE8F9 /* Pods-GBShop.debug.xcconfig */ = {isa = PBXFileReference; includeInIndex = 1; lastKnownFileType = text.xcconfig; name = "Pods-GBShop.debug.xcconfig"; path = "Target Support Files/Pods-GBShop/Pods-GBShop.debug.xcconfig"; sourceTree = "<group>"; };
		3A84C60A41D5EB49F2587903 /* Pods_GBShopTests.framework */ = {isa = PBXFileReference; explicitFileType = wrapper.framework; includeInIndex = 0; path = Pods_GBShopTests.framework; sourceTree = BUILT_PRODUCTS_DIR; };
		412AB3D09487258C3AEA187C /* Pods_GBShop_GBShopUITests.framework */ = {isa = PBXFileReference; explicitFileType = wrapper.framework; includeInIndex = 0; path = Pods_GBShop_GBShopUITests.framework; sourceTree = BUILT_PRODUCTS_DIR; };
		8B13EB07550C35F482DD663A /* Pods_GBShop.framework */ = {isa = PBXFileReference; explicitFileType = wrapper.framework; includeInIndex = 0; path = Pods_GBShop.framework; sourceTree = BUILT_PRODUCTS_DIR; };
		8B483AE2FEEDB027D588A8F4 /* Pods-GBShop.release.xcconfig */ = {isa = PBXFileReference; includeInIndex = 1; lastKnownFileType = text.xcconfig; name = "Pods-GBShop.release.xcconfig"; path = "Target Support Files/Pods-GBShop/Pods-GBShop.release.xcconfig"; sourceTree = "<group>"; };
		932F6C5B063C118572DE3154 /* Pods-GBShopTests.debug.xcconfig */ = {isa = PBXFileReference; includeInIndex = 1; lastKnownFileType = text.xcconfig; name = "Pods-GBShopTests.debug.xcconfig"; path = "Target Support Files/Pods-GBShopTests/Pods-GBShopTests.debug.xcconfig"; sourceTree = "<group>"; };
		B50B48E826121A28009FDB12 /* GoogleService-Info.plist */ = {isa = PBXFileReference; fileEncoding = 4; lastKnownFileType = text.plist.xml; path = "GoogleService-Info.plist"; sourceTree = "<group>"; };
		B50B48F126121DAF009FDB12 /* FireBaseAnalytics.swift */ = {isa = PBXFileReference; lastKnownFileType = sourcecode.swift; path = FireBaseAnalytics.swift; sourceTree = "<group>"; };
		B517A52A25FA381000B4BFC4 /* LoginView.swift */ = {isa = PBXFileReference; lastKnownFileType = sourcecode.swift; path = LoginView.swift; sourceTree = "<group>"; };
		B517A53225FA382200B4BFC4 /* LoginViewController.swift */ = {isa = PBXFileReference; lastKnownFileType = sourcecode.swift; path = LoginViewController.swift; sourceTree = "<group>"; };
		B517A53725FA383600B4BFC4 /* SignUpView.swift */ = {isa = PBXFileReference; lastKnownFileType = sourcecode.swift; path = SignUpView.swift; sourceTree = "<group>"; };
		B517A53C25FA384800B4BFC4 /* SignUpViewController.swift */ = {isa = PBXFileReference; lastKnownFileType = sourcecode.swift; path = SignUpViewController.swift; sourceTree = "<group>"; };
		B517A54125FA389300B4BFC4 /* UserInfoPageView.swift */ = {isa = PBXFileReference; lastKnownFileType = sourcecode.swift; path = UserInfoPageView.swift; sourceTree = "<group>"; };
		B517A54625FA38A400B4BFC4 /* UserInfoPageViewController.swift */ = {isa = PBXFileReference; lastKnownFileType = sourcecode.swift; path = UserInfoPageViewController.swift; sourceTree = "<group>"; };
		B517A54C25FA5CC100B4BFC4 /* AppStartManager.swift */ = {isa = PBXFileReference; lastKnownFileType = sourcecode.swift; path = AppStartManager.swift; sourceTree = "<group>"; };
		B518C33625DC327200433FA6 /* AbstractErrorParser.swift */ = {isa = PBXFileReference; lastKnownFileType = sourcecode.swift; path = AbstractErrorParser.swift; sourceTree = "<group>"; };
		B518C33B25DC3A4C00433FA6 /* ErrorParser.swift */ = {isa = PBXFileReference; lastKnownFileType = sourcecode.swift; path = ErrorParser.swift; sourceTree = "<group>"; };
		B518C34625DD6BE400433FA6 /* ResponseCodable.swift */ = {isa = PBXFileReference; lastKnownFileType = sourcecode.swift; path = ResponseCodable.swift; sourceTree = "<group>"; };
		B518C34B25DD6C9800433FA6 /* AbstractRequestFactory.swift */ = {isa = PBXFileReference; lastKnownFileType = sourcecode.swift; path = AbstractRequestFactory.swift; sourceTree = "<group>"; };
		B518C35025DD6CD100433FA6 /* RequestRouter.swift */ = {isa = PBXFileReference; lastKnownFileType = sourcecode.swift; path = RequestRouter.swift; sourceTree = "<group>"; };
		B518C35525DD6D8B00433FA6 /* LoginResult.swift */ = {isa = PBXFileReference; lastKnownFileType = sourcecode.swift; path = LoginResult.swift; sourceTree = "<group>"; };
		B518C35A25DD6DAC00433FA6 /* User.swift */ = {isa = PBXFileReference; lastKnownFileType = sourcecode.swift; path = User.swift; sourceTree = "<group>"; };
		B518C35F25DD6DFF00433FA6 /* AuthRequestFactory.swift */ = {isa = PBXFileReference; lastKnownFileType = sourcecode.swift; path = AuthRequestFactory.swift; sourceTree = "<group>"; };
		B518C36425DD6E4D00433FA6 /* Auth.swift */ = {isa = PBXFileReference; lastKnownFileType = sourcecode.swift; path = Auth.swift; sourceTree = "<group>"; };
		B518C36925DD6E8700433FA6 /* RequestFactory.swift */ = {isa = PBXFileReference; lastKnownFileType = sourcecode.swift; path = RequestFactory.swift; sourceTree = "<group>"; };
		B518C37625DD7C2200433FA6 /* SignUpResult.swift */ = {isa = PBXFileReference; lastKnownFileType = sourcecode.swift; path = SignUpResult.swift; sourceTree = "<group>"; };
		B518C37B25DD7C9400433FA6 /* SignUpRequestFactory.swift */ = {isa = PBXFileReference; lastKnownFileType = sourcecode.swift; path = SignUpRequestFactory.swift; sourceTree = "<group>"; };
		B518C38025DD7DAB00433FA6 /* SignUp.swift */ = {isa = PBXFileReference; lastKnownFileType = sourcecode.swift; path = SignUp.swift; sourceTree = "<group>"; };
		B518C38625DD88DF00433FA6 /* LogoutRequestFactory.swift */ = {isa = PBXFileReference; lastKnownFileType = sourcecode.swift; path = LogoutRequestFactory.swift; sourceTree = "<group>"; };
		B518C38E25DD88F800433FA6 /* Logout.swift */ = {isa = PBXFileReference; lastKnownFileType = sourcecode.swift; path = Logout.swift; sourceTree = "<group>"; };
		B518C39325DD895900433FA6 /* LogoutResult.swift */ = {isa = PBXFileReference; lastKnownFileType = sourcecode.swift; path = LogoutResult.swift; sourceTree = "<group>"; };
		B518C3A525DD8CF000433FA6 /* ChangeUserDataRequestFactory.swift */ = {isa = PBXFileReference; lastKnownFileType = sourcecode.swift; path = ChangeUserDataRequestFactory.swift; sourceTree = "<group>"; };
		B518C3AD25DD8D0400433FA6 /* ChangeUserData.swift */ = {isa = PBXFileReference; lastKnownFileType = sourcecode.swift; path = ChangeUserData.swift; sourceTree = "<group>"; };
		B518C3B225DD8D7800433FA6 /* ChangeUserDataResult.swift */ = {isa = PBXFileReference; lastKnownFileType = sourcecode.swift; path = ChangeUserDataResult.swift; sourceTree = "<group>"; };
		B52278C325F09B9B0033E06D /* .swiftlint.yml */ = {isa = PBXFileReference; lastKnownFileType = text.yaml; path = .swiftlint.yml; sourceTree = "<group>"; };
		B52278C925F0A4FF0033E06D /* AddReview.swift */ = {isa = PBXFileReference; lastKnownFileType = sourcecode.swift; path = AddReview.swift; sourceTree = "<group>"; };
		B52278CE25F0A5150033E06D /* AddReviewRequestFactory.swift */ = {isa = PBXFileReference; lastKnownFileType = sourcecode.swift; path = AddReviewRequestFactory.swift; sourceTree = "<group>"; };
		B52278D325F0A9EB0033E06D /* AddReviewResult.swift */ = {isa = PBXFileReference; lastKnownFileType = sourcecode.swift; path = AddReviewResult.swift; sourceTree = "<group>"; };
		B52278D925F0AD820033E06D /* RemoveReview.swift */ = {isa = PBXFileReference; lastKnownFileType = sourcecode.swift; path = RemoveReview.swift; sourceTree = "<group>"; };
		B52278E125F0AD970033E06D /* RemoveReviewRequestFactory.swift */ = {isa = PBXFileReference; lastKnownFileType = sourcecode.swift; path = RemoveReviewRequestFactory.swift; sourceTree = "<group>"; };
		B52278E625F0ADBD0033E06D /* RemoveReviewResult.swift */ = {isa = PBXFileReference; lastKnownFileType = sourcecode.swift; path = RemoveReviewResult.swift; sourceTree = "<group>"; };
		B52278EC25F0B2F40033E06D /* ApproveReview.swift */ = {isa = PBXFileReference; lastKnownFileType = sourcecode.swift; path = ApproveReview.swift; sourceTree = "<group>"; };
		B52278F125F0B31E0033E06D /* ApproveReviewRequestFactory.swift */ = {isa = PBXFileReference; lastKnownFileType = sourcecode.swift; path = ApproveReviewRequestFactory.swift; sourceTree = "<group>"; };
		B52278F625F0B33E0033E06D /* ApproveReviewResult.swift */ = {isa = PBXFileReference; lastKnownFileType = sourcecode.swift; path = ApproveReviewResult.swift; sourceTree = "<group>"; };
		B527ECA4260878D80099BDB7 /* ReviewsView.swift */ = {isa = PBXFileReference; lastKnownFileType = sourcecode.swift; path = ReviewsView.swift; sourceTree = "<group>"; };
		B527ECAC260878F30099BDB7 /* ReviewsViewController.swift */ = {isa = PBXFileReference; lastKnownFileType = sourcecode.swift; path = ReviewsViewController.swift; sourceTree = "<group>"; };
		B527ECB1260879080099BDB7 /* ReviewsCell.swift */ = {isa = PBXFileReference; lastKnownFileType = sourcecode.swift; path = ReviewsCell.swift; sourceTree = "<group>"; };
		B527ECB626087C940099BDB7 /* Review.swift */ = {isa = PBXFileReference; lastKnownFileType = sourcecode.swift; path = Review.swift; sourceTree = "<group>"; };
		B527ECC2260C8A700099BDB7 /* ProductsNavigationController.swift */ = {isa = PBXFileReference; lastKnownFileType = sourcecode.swift; path = ProductsNavigationController.swift; sourceTree = "<group>"; };
		B527ECDC260C9C650099BDB7 /* ReviewsCellDelegate.swift */ = {isa = PBXFileReference; lastKnownFileType = sourcecode.swift; path = ReviewsCellDelegate.swift; sourceTree = "<group>"; };
		B52FD23B25E2BE3600DC184F /* RequestFactoryTests.swift */ = {isa = PBXFileReference; lastKnownFileType = sourcecode.swift; path = RequestFactoryTests.swift; sourceTree = "<group>"; };
		B52FD24725E3DF9B00DC184F /* GetProductsCatalog.swift */ = {isa = PBXFileReference; lastKnownFileType = sourcecode.swift; path = GetProductsCatalog.swift; sourceTree = "<group>"; };
		B52FD25525E3DFFA00DC184F /* GetProductsCatalogRequestFactory.swift */ = {isa = PBXFileReference; lastKnownFileType = sourcecode.swift; path = GetProductsCatalogRequestFactory.swift; sourceTree = "<group>"; };
		B52FD25A25E3E0EA00DC184F /* ProductsCatalogResult.swift */ = {isa = PBXFileReference; lastKnownFileType = sourcecode.swift; path = ProductsCatalogResult.swift; sourceTree = "<group>"; };
		B52FD26025E3E46800DC184F /* GetProductByIdRequestFactory.swift */ = {isa = PBXFileReference; lastKnownFileType = sourcecode.swift; path = GetProductByIdRequestFactory.swift; sourceTree = "<group>"; };
		B52FD26825E3E48100DC184F /* GetProductById.swift */ = {isa = PBXFileReference; lastKnownFileType = sourcecode.swift; path = GetProductById.swift; sourceTree = "<group>"; };
		B52FD26D25E3EA2D00DC184F /* ProductResult.swift */ = {isa = PBXFileReference; lastKnownFileType = sourcecode.swift; path = ProductResult.swift; sourceTree = "<group>"; };
		B548FAFB260CAD6C00AEBF1C /* BasketView.swift */ = {isa = PBXFileReference; lastKnownFileType = sourcecode.swift; path = BasketView.swift; sourceTree = "<group>"; };
		B548FB00260CAD8100AEBF1C /* BasketViewController.swift */ = {isa = PBXFileReference; lastKnownFileType = sourcecode.swift; path = BasketViewController.swift; sourceTree = "<group>"; };
		B548FB05260CAEE900AEBF1C /* BasketCell.swift */ = {isa = PBXFileReference; lastKnownFileType = sourcecode.swift; path = BasketCell.swift; sourceTree = "<group>"; };
		B548FB0A260CAF2800AEBF1C /* BasketCellDelegate.swift */ = {isa = PBXFileReference; lastKnownFileType = sourcecode.swift; path = BasketCellDelegate.swift; sourceTree = "<group>"; };
		B548FB0F260CF19F00AEBF1C /* BasketItem.swift */ = {isa = PBXFileReference; lastKnownFileType = sourcecode.swift; path = BasketItem.swift; sourceTree = "<group>"; };
		B550CDB525F67D1600D5E0CC /* GetReviewsResult.swift */ = {isa = PBXFileReference; lastKnownFileType = sourcecode.swift; path = GetReviewsResult.swift; sourceTree = "<group>"; };
		B550CDBA25F67D8600D5E0CC /* GetReviews.swift */ = {isa = PBXFileReference; lastKnownFileType = sourcecode.swift; path = GetReviews.swift; sourceTree = "<group>"; };
		B550CDC025F67DC300D5E0CC /* GetReviewsRequestFactory.swift */ = {isa = PBXFileReference; lastKnownFileType = sourcecode.swift; path = GetReviewsRequestFactory.swift; sourceTree = "<group>"; };
		B550CDC925F6806700D5E0CC /* AddToBasket.swift */ = {isa = PBXFileReference; lastKnownFileType = sourcecode.swift; path = AddToBasket.swift; sourceTree = "<group>"; };
		B550CDD125F6807900D5E0CC /* AddToBasketRequestFactory.swift */ = {isa = PBXFileReference; lastKnownFileType = sourcecode.swift; path = AddToBasketRequestFactory.swift; sourceTree = "<group>"; };
		B550CDD625F680DB00D5E0CC /* AddToBasketResult.swift */ = {isa = PBXFileReference; lastKnownFileType = sourcecode.swift; path = AddToBasketResult.swift; sourceTree = "<group>"; };
		B550CDDE25F682A700D5E0CC /* DeleteFromBasket.swift */ = {isa = PBXFileReference; lastKnownFileType = sourcecode.swift; path = DeleteFromBasket.swift; sourceTree = "<group>"; };
		B550CDE425F682DD00D5E0CC /* DeleteFromBasketRequestFactory.swift */ = {isa = PBXFileReference; lastKnownFileType = sourcecode.swift; path = DeleteFromBasketRequestFactory.swift; sourceTree = "<group>"; };
		B550CDE925F682F600D5E0CC /* DeleteFromBasketResult.swift */ = {isa = PBXFileReference; lastKnownFileType = sourcecode.swift; path = DeleteFromBasketResult.swift; sourceTree = "<group>"; };
		B550CDF125F6854500D5E0CC /* PayBasket.swift */ = {isa = PBXFileReference; lastKnownFileType = sourcecode.swift; path = PayBasket.swift; sourceTree = "<group>"; };
		B550CDF725F6857300D5E0CC /* PayBasketRequestFactory.swift */ = {isa = PBXFileReference; lastKnownFileType = sourcecode.swift; path = PayBasketRequestFactory.swift; sourceTree = "<group>"; };
		B550CDFF25F6858C00D5E0CC /* PayBasketResult.swift */ = {isa = PBXFileReference; lastKnownFileType = sourcecode.swift; path = PayBasketResult.swift; sourceTree = "<group>"; };
		B55DF8CA26086AA40008DFF7 /* ProductInfoPageView.swift */ = {isa = PBXFileReference; lastKnownFileType = sourcecode.swift; path = ProductInfoPageView.swift; sourceTree = "<group>"; };
		B55DF8D126086AE00008DFF7 /* ProductInfoPageViewController.swift */ = {isa = PBXFileReference; lastKnownFileType = sourcecode.swift; path = ProductInfoPageViewController.swift; sourceTree = "<group>"; };
		B560AB4626026AA20086B443 /* ProductsCatalogView.swift */ = {isa = PBXFileReference; lastKnownFileType = sourcecode.swift; path = ProductsCatalogView.swift; sourceTree = "<group>"; };
		B560AB4E26026AB10086B443 /* ProductsCatalogViewController.swift */ = {isa = PBXFileReference; lastKnownFileType = sourcecode.swift; path = ProductsCatalogViewController.swift; sourceTree = "<group>"; };
		B560AB5326026AC60086B443 /* ProductsCatalogCell.swift */ = {isa = PBXFileReference; lastKnownFileType = sourcecode.swift; path = ProductsCatalogCell.swift; sourceTree = "<group>"; };
		B560AB58260271B90086B443 /* Product.swift */ = {isa = PBXFileReference; lastKnownFileType = sourcecode.swift; path = Product.swift; sourceTree = "<group>"; };
		B560AB6A26027D270086B443 /* TabBarController.swift */ = {isa = PBXFileReference; lastKnownFileType = sourcecode.swift; path = TabBarController.swift; sourceTree = "<group>"; };
		B5EEDD7125D83F2400364C1A /* GBShop.app */ = {isa = PBXFileReference; explicitFileType = wrapper.application; includeInIndex = 0; path = GBShop.app; sourceTree = BUILT_PRODUCTS_DIR; };
		B5EEDD7425D83F2400364C1A /* AppDelegate.swift */ = {isa = PBXFileReference; lastKnownFileType = sourcecode.swift; path = AppDelegate.swift; sourceTree = "<group>"; };
		B5EEDD7625D83F2400364C1A /* SceneDelegate.swift */ = {isa = PBXFileReference; lastKnownFileType = sourcecode.swift; path = SceneDelegate.swift; sourceTree = "<group>"; };
		B5EEDD7D25D83F2500364C1A /* Assets.xcassets */ = {isa = PBXFileReference; lastKnownFileType = folder.assetcatalog; path = Assets.xcassets; sourceTree = "<group>"; };
		B5EEDD8025D83F2500364C1A /* Base */ = {isa = PBXFileReference; lastKnownFileType = file.storyboard; name = Base; path = Base.lproj/LaunchScreen.storyboard; sourceTree = "<group>"; };
		B5EEDD8225D83F2500364C1A /* Info.plist */ = {isa = PBXFileReference; lastKnownFileType = text.plist.xml; path = Info.plist; sourceTree = "<group>"; };
		B5EEDD8725D83F2600364C1A /* GBShopTests.xctest */ = {isa = PBXFileReference; explicitFileType = wrapper.cfbundle; includeInIndex = 0; path = GBShopTests.xctest; sourceTree = BUILT_PRODUCTS_DIR; };
		B5EEDD8D25D83F2600364C1A /* Info.plist */ = {isa = PBXFileReference; lastKnownFileType = text.plist.xml; path = Info.plist; sourceTree = "<group>"; };
		B5EEDD9225D83F2600364C1A /* GBShopUITests.xctest */ = {isa = PBXFileReference; explicitFileType = wrapper.cfbundle; includeInIndex = 0; path = GBShopUITests.xctest; sourceTree = BUILT_PRODUCTS_DIR; };
		B5EEDD9625D83F2600364C1A /* GBShopUITests.swift */ = {isa = PBXFileReference; lastKnownFileType = sourcecode.swift; path = GBShopUITests.swift; sourceTree = "<group>"; };
		B5EEDD9825D83F2600364C1A /* Info.plist */ = {isa = PBXFileReference; lastKnownFileType = text.plist.xml; path = Info.plist; sourceTree = "<group>"; };
		BB270650516A652671C394E4 /* Pods-GBShop-GBShopUITests.debug.xcconfig */ = {isa = PBXFileReference; includeInIndex = 1; lastKnownFileType = text.xcconfig; name = "Pods-GBShop-GBShopUITests.debug.xcconfig"; path = "Target Support Files/Pods-GBShop-GBShopUITests/Pods-GBShop-GBShopUITests.debug.xcconfig"; sourceTree = "<group>"; };
/* End PBXFileReference section */

/* Begin PBXFrameworksBuildPhase section */
		B5EEDD6E25D83F2400364C1A /* Frameworks */ = {
			isa = PBXFrameworksBuildPhase;
			buildActionMask = 2147483647;
			files = (
				B518C34225DC3C7100433FA6 /* Alamofire in Frameworks */,
				88BE15702F805DFFC76E9581 /* Pods_GBShop.framework in Frameworks */,
			);
			runOnlyForDeploymentPostprocessing = 0;
		};
		B5EEDD8425D83F2600364C1A /* Frameworks */ = {
			isa = PBXFrameworksBuildPhase;
			buildActionMask = 2147483647;
			files = (
				43F08A58BF79250F09731CDD /* Pods_GBShopTests.framework in Frameworks */,
			);
			runOnlyForDeploymentPostprocessing = 0;
		};
		B5EEDD8F25D83F2600364C1A /* Frameworks */ = {
			isa = PBXFrameworksBuildPhase;
			buildActionMask = 2147483647;
			files = (
				F31D8E0C4E9F425C67B700D1 /* Pods_GBShop_GBShopUITests.framework in Frameworks */,
			);
			runOnlyForDeploymentPostprocessing = 0;
		};
/* End PBXFrameworksBuildPhase section */

/* Begin PBXGroup section */
		B50B48F026121D85009FDB12 /* Analytics */ = {
			isa = PBXGroup;
			children = (
				B50B48F126121DAF009FDB12 /* FireBaseAnalytics.swift */,
			);
			path = Analytics;
			sourceTree = "<group>";
		};
		B517A52125FA374800B4BFC4 /* Login */ = {
			isa = PBXGroup;
			children = (
				B517A52425FA37B400B4BFC4 /* View */,
				B517A52525FA37BA00B4BFC4 /* Controller */,
			);
			path = Login;
			sourceTree = "<group>";
		};
		B517A52225FA376900B4BFC4 /* SignUp */ = {
			isa = PBXGroup;
			children = (
				B517A52625FA37C900B4BFC4 /* View */,
				B517A52725FA37D100B4BFC4 /* Controller */,
			);
			path = SignUp;
			sourceTree = "<group>";
		};
		B517A52325FA379A00B4BFC4 /* UserInfoPage */ = {
			isa = PBXGroup;
			children = (
				B517A52925FA37F500B4BFC4 /* View */,
				B517A52825FA37EC00B4BFC4 /* Controller */,
			);
			path = UserInfoPage;
			sourceTree = "<group>";
		};
		B517A52425FA37B400B4BFC4 /* View */ = {
			isa = PBXGroup;
			children = (
				B517A52A25FA381000B4BFC4 /* LoginView.swift */,
			);
			path = View;
			sourceTree = "<group>";
		};
		B517A52525FA37BA00B4BFC4 /* Controller */ = {
			isa = PBXGroup;
			children = (
				B517A53225FA382200B4BFC4 /* LoginViewController.swift */,
			);
			path = Controller;
			sourceTree = "<group>";
		};
		B517A52625FA37C900B4BFC4 /* View */ = {
			isa = PBXGroup;
			children = (
				B517A53725FA383600B4BFC4 /* SignUpView.swift */,
			);
			path = View;
			sourceTree = "<group>";
		};
		B517A52725FA37D100B4BFC4 /* Controller */ = {
			isa = PBXGroup;
			children = (
				B517A53C25FA384800B4BFC4 /* SignUpViewController.swift */,
			);
			path = Controller;
			sourceTree = "<group>";
		};
		B517A52825FA37EC00B4BFC4 /* Controller */ = {
			isa = PBXGroup;
			children = (
				B517A54625FA38A400B4BFC4 /* UserInfoPageViewController.swift */,
			);
			path = Controller;
			sourceTree = "<group>";
		};
		B517A52925FA37F500B4BFC4 /* View */ = {
			isa = PBXGroup;
			children = (
				B517A54125FA389300B4BFC4 /* UserInfoPageView.swift */,
			);
			path = View;
			sourceTree = "<group>";
		};
		B517A54B25FA5CB300B4BFC4 /* AppStartManager */ = {
			isa = PBXGroup;
			children = (
				B517A54C25FA5CC100B4BFC4 /* AppStartManager.swift */,
			);
			path = AppStartManager;
			sourceTree = "<group>";
		};
		B518C33425DC321600433FA6 /* Network */ = {
			isa = PBXGroup;
			children = (
				B518C36925DD6E8700433FA6 /* RequestFactory.swift */,
				B518C37125DD6FF100433FA6 /* Auth */,
				B518C38525DD88AA00433FA6 /* Logout */,
				B518C37525DD7BA000433FA6 /* SignUp */,
				B518C3A425DD8CA900433FA6 /* ChangeUserData */,
				B52FD24625E3DEBB00DC184F /* GetProductsCatalog */,
				B52FD25F25E3E42F00DC184F /* GetProductById */,
				B52278C825F0A4B20033E06D /* AddReview */,
				B52278D825F0AD5D0033E06D /* RemoveReview */,
				B52278EB25F0B2A90033E06D /* ApproveReview */,
				B550CDBF25F67D8E00D5E0CC /* GetReviews */,
				B550CDC825F6803200D5E0CC /* AddToBasket */,
				B550CDE325F682B100D5E0CC /* DeleteFromBasket */,
				B550CDF625F6855100D5E0CC /* PayBasket */,
			);
			path = Network;
			sourceTree = "<group>";
		};
		B518C33525DC324C00433FA6 /* Network */ = {
			isa = PBXGroup;
			children = (
				B518C33625DC327200433FA6 /* AbstractErrorParser.swift */,
				B518C33B25DC3A4C00433FA6 /* ErrorParser.swift */,
				B518C34625DD6BE400433FA6 /* ResponseCodable.swift */,
				B518C34B25DD6C9800433FA6 /* AbstractRequestFactory.swift */,
				B518C35025DD6CD100433FA6 /* RequestRouter.swift */,
			);
			path = Network;
			sourceTree = "<group>";
		};
		B518C37125DD6FF100433FA6 /* Auth */ = {
			isa = PBXGroup;
			children = (
				B518C35F25DD6DFF00433FA6 /* AuthRequestFactory.swift */,
				B518C36425DD6E4D00433FA6 /* Auth.swift */,
			);
			path = Auth;
			sourceTree = "<group>";
		};
		B518C37525DD7BA000433FA6 /* SignUp */ = {
			isa = PBXGroup;
			children = (
				B518C37B25DD7C9400433FA6 /* SignUpRequestFactory.swift */,
				B518C38025DD7DAB00433FA6 /* SignUp.swift */,
			);
			path = SignUp;
			sourceTree = "<group>";
		};
		B518C38525DD88AA00433FA6 /* Logout */ = {
			isa = PBXGroup;
			children = (
				B518C38625DD88DF00433FA6 /* LogoutRequestFactory.swift */,
				B518C38E25DD88F800433FA6 /* Logout.swift */,
			);
			path = Logout;
			sourceTree = "<group>";
		};
		B518C3A425DD8CA900433FA6 /* ChangeUserData */ = {
			isa = PBXGroup;
			children = (
				B518C3A525DD8CF000433FA6 /* ChangeUserDataRequestFactory.swift */,
				B518C3AD25DD8D0400433FA6 /* ChangeUserData.swift */,
			);
			path = ChangeUserData;
			sourceTree = "<group>";
		};
		B52278C825F0A4B20033E06D /* AddReview */ = {
			isa = PBXGroup;
			children = (
				B52278CE25F0A5150033E06D /* AddReviewRequestFactory.swift */,
				B52278C925F0A4FF0033E06D /* AddReview.swift */,
			);
			path = AddReview;
			sourceTree = "<group>";
		};
		B52278D825F0AD5D0033E06D /* RemoveReview */ = {
			isa = PBXGroup;
			children = (
				B52278E125F0AD970033E06D /* RemoveReviewRequestFactory.swift */,
				B52278D925F0AD820033E06D /* RemoveReview.swift */,
			);
			path = RemoveReview;
			sourceTree = "<group>";
		};
		B52278EB25F0B2A90033E06D /* ApproveReview */ = {
			isa = PBXGroup;
			children = (
				B52278F125F0B31E0033E06D /* ApproveReviewRequestFactory.swift */,
				B52278EC25F0B2F40033E06D /* ApproveReview.swift */,
			);
			path = ApproveReview;
			sourceTree = "<group>";
		};
		B527ECA1260877C40099BDB7 /* Reviews */ = {
			isa = PBXGroup;
			children = (
				B527ECA22608780B0099BDB7 /* View */,
				B527ECA3260878120099BDB7 /* ViewController */,
			);
			path = Reviews;
			sourceTree = "<group>";
		};
		B527ECA22608780B0099BDB7 /* View */ = {
			isa = PBXGroup;
			children = (
				B527ECA4260878D80099BDB7 /* ReviewsView.swift */,
				B527ECB1260879080099BDB7 /* ReviewsCell.swift */,
				B527ECDC260C9C650099BDB7 /* ReviewsCellDelegate.swift */,
			);
			path = View;
			sourceTree = "<group>";
		};
		B527ECA3260878120099BDB7 /* ViewController */ = {
			isa = PBXGroup;
			children = (
				B527ECAC260878F30099BDB7 /* ReviewsViewController.swift */,
			);
			path = ViewController;
			sourceTree = "<group>";
		};
		B527ECC0260C8A110099BDB7 /* ProductsNavigationController */ = {
			isa = PBXGroup;
			children = (
				B527ECC1260C8A3D0099BDB7 /* ViewController */,
			);
			path = ProductsNavigationController;
			sourceTree = "<group>";
		};
		B527ECC1260C8A3D0099BDB7 /* ViewController */ = {
			isa = PBXGroup;
			children = (
				B527ECC2260C8A700099BDB7 /* ProductsNavigationController.swift */,
			);
			path = ViewController;
			sourceTree = "<group>";
		};
		B52FD24625E3DEBB00DC184F /* GetProductsCatalog */ = {
			isa = PBXGroup;
			children = (
				B52FD25525E3DFFA00DC184F /* GetProductsCatalogRequestFactory.swift */,
				B52FD24725E3DF9B00DC184F /* GetProductsCatalog.swift */,
			);
			path = GetProductsCatalog;
			sourceTree = "<group>";
		};
		B52FD25F25E3E42F00DC184F /* GetProductById */ = {
			isa = PBXGroup;
			children = (
				B52FD26025E3E46800DC184F /* GetProductByIdRequestFactory.swift */,
				B52FD26825E3E48100DC184F /* GetProductById.swift */,
			);
			path = GetProductById;
			sourceTree = "<group>";
		};
		B548FAF5260CA8E200AEBF1C /* Basket */ = {
			isa = PBXGroup;
			children = (
				B548FAF6260CA90400AEBF1C /* View */,
				B548FAF7260CA91200AEBF1C /* ViewController */,
			);
			path = Basket;
			sourceTree = "<group>";
		};
		B548FAF6260CA90400AEBF1C /* View */ = {
			isa = PBXGroup;
			children = (
				B548FAFB260CAD6C00AEBF1C /* BasketView.swift */,
				B548FB05260CAEE900AEBF1C /* BasketCell.swift */,
				B548FB0A260CAF2800AEBF1C /* BasketCellDelegate.swift */,
			);
			path = View;
			sourceTree = "<group>";
		};
		B548FAF7260CA91200AEBF1C /* ViewController */ = {
			isa = PBXGroup;
			children = (
				B548FB00260CAD8100AEBF1C /* BasketViewController.swift */,
			);
			path = ViewController;
			sourceTree = "<group>";
		};
		B550CDBF25F67D8E00D5E0CC /* GetReviews */ = {
			isa = PBXGroup;
			children = (
				B550CDC025F67DC300D5E0CC /* GetReviewsRequestFactory.swift */,
				B550CDBA25F67D8600D5E0CC /* GetReviews.swift */,
			);
			path = GetReviews;
			sourceTree = "<group>";
		};
		B550CDC825F6803200D5E0CC /* AddToBasket */ = {
			isa = PBXGroup;
			children = (
				B550CDD125F6807900D5E0CC /* AddToBasketRequestFactory.swift */,
				B550CDC925F6806700D5E0CC /* AddToBasket.swift */,
			);
			path = AddToBasket;
			sourceTree = "<group>";
		};
		B550CDE325F682B100D5E0CC /* DeleteFromBasket */ = {
			isa = PBXGroup;
			children = (
				B550CDE425F682DD00D5E0CC /* DeleteFromBasketRequestFactory.swift */,
				B550CDDE25F682A700D5E0CC /* DeleteFromBasket.swift */,
			);
			path = DeleteFromBasket;
			sourceTree = "<group>";
		};
		B550CDF625F6855100D5E0CC /* PayBasket */ = {
			isa = PBXGroup;
			children = (
				B550CDF725F6857300D5E0CC /* PayBasketRequestFactory.swift */,
				B550CDF125F6854500D5E0CC /* PayBasket.swift */,
			);
			path = PayBasket;
			sourceTree = "<group>";
		};
		B55DF8C92608699D0008DFF7 /* ProductInfoPage */ = {
			isa = PBXGroup;
			children = (
				B55DF8D026086ABB0008DFF7 /* View */,
				B55DF8CF26086AAC0008DFF7 /* Controller */,
			);
			path = ProductInfoPage;
			sourceTree = "<group>";
		};
		B55DF8CF26086AAC0008DFF7 /* Controller */ = {
			isa = PBXGroup;
			children = (
				B55DF8D126086AE00008DFF7 /* ProductInfoPageViewController.swift */,
			);
			path = Controller;
			sourceTree = "<group>";
		};
		B55DF8D026086ABB0008DFF7 /* View */ = {
			isa = PBXGroup;
			children = (
				B55DF8CA26086AA40008DFF7 /* ProductInfoPageView.swift */,
			);
			path = View;
			sourceTree = "<group>";
		};
		B560AB43260269CA0086B443 /* ProductsCatalog */ = {
			isa = PBXGroup;
			children = (
				B560AB4426026A1E0086B443 /* View */,
				B560AB4526026A240086B443 /* Controller */,
			);
			path = ProductsCatalog;
			sourceTree = "<group>";
		};
		B560AB4426026A1E0086B443 /* View */ = {
			isa = PBXGroup;
			children = (
				B560AB4626026AA20086B443 /* ProductsCatalogView.swift */,
				B560AB5326026AC60086B443 /* ProductsCatalogCell.swift */,
			);
			path = View;
			sourceTree = "<group>";
		};
		B560AB4526026A240086B443 /* Controller */ = {
			isa = PBXGroup;
			children = (
				B560AB4E26026AB10086B443 /* ProductsCatalogViewController.swift */,
			);
			path = Controller;
			sourceTree = "<group>";
		};
		B560AB5D26027C9D0086B443 /* TabBarController */ = {
			isa = PBXGroup;
			children = (
				B560AB5E26027CD90086B443 /* ViewController */,
			);
			path = TabBarController;
			sourceTree = "<group>";
		};
		B560AB5E26027CD90086B443 /* ViewController */ = {
			isa = PBXGroup;
			children = (
				B560AB6A26027D270086B443 /* TabBarController.swift */,
			);
			path = ViewController;
			sourceTree = "<group>";
		};
		B564AFD025D8431400114E37 /* App */ = {
			isa = PBXGroup;
			children = (
				B5EEDD7425D83F2400364C1A /* AppDelegate.swift */,
				B5EEDD7625D83F2400364C1A /* SceneDelegate.swift */,
				B564AFD125D8432400114E37 /* BusinessLogic */,
				B564AFD225D8433200114E37 /* Entity */,
				B564AFD625D8434700114E37 /* Assembly */,
				B564AFD725D8435800114E37 /* Flows */,
			);
			path = App;
			sourceTree = "<group>";
		};
		B564AFD125D8432400114E37 /* BusinessLogic */ = {
			isa = PBXGroup;
			children = (
				B518C33425DC321600433FA6 /* Network */,
			);
			path = BusinessLogic;
			sourceTree = "<group>";
		};
		B564AFD225D8433200114E37 /* Entity */ = {
			isa = PBXGroup;
			children = (
				B52FD26D25E3EA2D00DC184F /* ProductResult.swift */,
				B52FD25A25E3E0EA00DC184F /* ProductsCatalogResult.swift */,
				B518C3B225DD8D7800433FA6 /* ChangeUserDataResult.swift */,
				B518C37625DD7C2200433FA6 /* SignUpResult.swift */,
				B518C39325DD895900433FA6 /* LogoutResult.swift */,
				B518C35525DD6D8B00433FA6 /* LoginResult.swift */,
				B518C35A25DD6DAC00433FA6 /* User.swift */,
				B52278D325F0A9EB0033E06D /* AddReviewResult.swift */,
				B52278E625F0ADBD0033E06D /* RemoveReviewResult.swift */,
				B52278F625F0B33E0033E06D /* ApproveReviewResult.swift */,
				B550CDB525F67D1600D5E0CC /* GetReviewsResult.swift */,
				B550CDD625F680DB00D5E0CC /* AddToBasketResult.swift */,
				B550CDE925F682F600D5E0CC /* DeleteFromBasketResult.swift */,
				B550CDFF25F6858C00D5E0CC /* PayBasketResult.swift */,
				B560AB58260271B90086B443 /* Product.swift */,
				B527ECB626087C940099BDB7 /* Review.swift */,
				B548FB0F260CF19F00AEBF1C /* BasketItem.swift */,
			);
			path = Entity;
			sourceTree = "<group>";
		};
		B564AFD625D8434700114E37 /* Assembly */ = {
			isa = PBXGroup;
			children = (
			);
			path = Assembly;
			sourceTree = "<group>";
		};
		B564AFD725D8435800114E37 /* Flows */ = {
			isa = PBXGroup;
			children = (
				B527ECC0260C8A110099BDB7 /* ProductsNavigationController */,
				B560AB5D26027C9D0086B443 /* TabBarController */,
				B517A52125FA374800B4BFC4 /* Login */,
				B517A52225FA376900B4BFC4 /* SignUp */,
				B517A52325FA379A00B4BFC4 /* UserInfoPage */,
				B560AB43260269CA0086B443 /* ProductsCatalog */,
				B55DF8C92608699D0008DFF7 /* ProductInfoPage */,
				B527ECA1260877C40099BDB7 /* Reviews */,
				B548FAF5260CA8E200AEBF1C /* Basket */,
			);
			path = Flows;
			sourceTree = "<group>";
		};
		B564AFD825D8436E00114E37 /* Core */ = {
			isa = PBXGroup;
			children = (
				B50B48F026121D85009FDB12 /* Analytics */,
				B517A54B25FA5CB300B4BFC4 /* AppStartManager */,
				B518C33525DC324C00433FA6 /* Network */,
			);
			path = Core;
			sourceTree = "<group>";
		};
		B564AFD925D8437C00114E37 /* Resources */ = {
			isa = PBXGroup;
			children = (
				B5EEDD7D25D83F2500364C1A /* Assets.xcassets */,
				B5EEDD7F25D83F2500364C1A /* LaunchScreen.storyboard */,
			);
			path = Resources;
			sourceTree = "<group>";
		};
		B564AFDA25D8438800114E37 /* Environments */ = {
			isa = PBXGroup;
			children = (
				B5EEDD8225D83F2500364C1A /* Info.plist */,
			);
			path = Environments;
			sourceTree = "<group>";
		};
		B5EEDD6825D83F2400364C1A = {
			isa = PBXGroup;
			children = (
				B52278C325F09B9B0033E06D /* .swiftlint.yml */,
				B5EEDD7325D83F2400364C1A /* GBShop */,
				B5EEDD8A25D83F2600364C1A /* GBShopTests */,
				B5EEDD9525D83F2600364C1A /* GBShopUITests */,
				B5EEDD7225D83F2400364C1A /* Products */,
				DA3DE8222274E60D66B91897 /* Pods */,
				CA014F720BCB2F3F302C067C /* Frameworks */,
			);
			sourceTree = "<group>";
		};
		B5EEDD7225D83F2400364C1A /* Products */ = {
			isa = PBXGroup;
			children = (
				B5EEDD7125D83F2400364C1A /* GBShop.app */,
				B5EEDD8725D83F2600364C1A /* GBShopTests.xctest */,
				B5EEDD9225D83F2600364C1A /* GBShopUITests.xctest */,
			);
			name = Products;
			sourceTree = "<group>";
		};
		B5EEDD7325D83F2400364C1A /* GBShop */ = {
			isa = PBXGroup;
			children = (
				B50B48E826121A28009FDB12 /* GoogleService-Info.plist */,
				B564AFD025D8431400114E37 /* App */,
				B564AFD825D8436E00114E37 /* Core */,
				B564AFD925D8437C00114E37 /* Resources */,
				B564AFDA25D8438800114E37 /* Environments */,
			);
			path = GBShop;
			sourceTree = "<group>";
		};
		B5EEDD8A25D83F2600364C1A /* GBShopTests */ = {
			isa = PBXGroup;
			children = (
				B52FD23B25E2BE3600DC184F /* RequestFactoryTests.swift */,
				B5EEDD8D25D83F2600364C1A /* Info.plist */,
			);
			path = GBShopTests;
			sourceTree = "<group>";
		};
		B5EEDD9525D83F2600364C1A /* GBShopUITests */ = {
			isa = PBXGroup;
			children = (
				B5EEDD9625D83F2600364C1A /* GBShopUITests.swift */,
				B5EEDD9825D83F2600364C1A /* Info.plist */,
			);
			path = GBShopUITests;
			sourceTree = "<group>";
		};
		CA014F720BCB2F3F302C067C /* Frameworks */ = {
			isa = PBXGroup;
			children = (
				8B13EB07550C35F482DD663A /* Pods_GBShop.framework */,
				412AB3D09487258C3AEA187C /* Pods_GBShop_GBShopUITests.framework */,
				3A84C60A41D5EB49F2587903 /* Pods_GBShopTests.framework */,
			);
			name = Frameworks;
			sourceTree = "<group>";
		};
		DA3DE8222274E60D66B91897 /* Pods */ = {
			isa = PBXGroup;
			children = (
				251D7DC33DEA1887CCDAE8F9 /* Pods-GBShop.debug.xcconfig */,
				8B483AE2FEEDB027D588A8F4 /* Pods-GBShop.release.xcconfig */,
				BB270650516A652671C394E4 /* Pods-GBShop-GBShopUITests.debug.xcconfig */,
				0F1B73BD0F746F94A386EA5C /* Pods-GBShop-GBShopUITests.release.xcconfig */,
				932F6C5B063C118572DE3154 /* Pods-GBShopTests.debug.xcconfig */,
				0EEA5C451C69599986393228 /* Pods-GBShopTests.release.xcconfig */,
			);
			path = Pods;
			sourceTree = "<group>";
		};
/* End PBXGroup section */

/* Begin PBXNativeTarget section */
		B5EEDD7025D83F2400364C1A /* GBShop */ = {
			isa = PBXNativeTarget;
			buildConfigurationList = B5EEDD9B25D83F2600364C1A /* Build configuration list for PBXNativeTarget "GBShop" */;
			buildPhases = (
				6B5BCC94861BB47909BCDC02 /* [CP] Check Pods Manifest.lock */,
				B5EEDD6D25D83F2400364C1A /* Sources */,
				B5EEDD6E25D83F2400364C1A /* Frameworks */,
				B5EEDD6F25D83F2400364C1A /* Resources */,
				B50F38C625F0900400D6FB27 /* ShellScript */,
				C3E10515354DD34A795E5E3C /* [CP] Embed Pods Frameworks */,
				B50B48E426121908009FDB12 /* FireBase */,
			);
			buildRules = (
			);
			dependencies = (
			);
			name = GBShop;
			packageProductDependencies = (
				B518C34125DC3C7100433FA6 /* Alamofire */,
			);
			productName = GBShop;
			productReference = B5EEDD7125D83F2400364C1A /* GBShop.app */;
			productType = "com.apple.product-type.application";
		};
		B5EEDD8625D83F2600364C1A /* GBShopTests */ = {
			isa = PBXNativeTarget;
			buildConfigurationList = B5EEDD9E25D83F2600364C1A /* Build configuration list for PBXNativeTarget "GBShopTests" */;
			buildPhases = (
				62D1183DE8D9522F612598B1 /* [CP] Check Pods Manifest.lock */,
				B5EEDD8325D83F2600364C1A /* Sources */,
				B5EEDD8425D83F2600364C1A /* Frameworks */,
				B5EEDD8525D83F2600364C1A /* Resources */,
			);
			buildRules = (
			);
			dependencies = (
				B5EEDD8925D83F2600364C1A /* PBXTargetDependency */,
			);
			name = GBShopTests;
			productName = GBShopTests;
			productReference = B5EEDD8725D83F2600364C1A /* GBShopTests.xctest */;
			productType = "com.apple.product-type.bundle.unit-test";
		};
		B5EEDD9125D83F2600364C1A /* GBShopUITests */ = {
			isa = PBXNativeTarget;
			buildConfigurationList = B5EEDDA125D83F2600364C1A /* Build configuration list for PBXNativeTarget "GBShopUITests" */;
			buildPhases = (
				84E287D5F54E20CFC82D70A9 /* [CP] Check Pods Manifest.lock */,
				B5EEDD8E25D83F2600364C1A /* Sources */,
				B5EEDD8F25D83F2600364C1A /* Frameworks */,
				B5EEDD9025D83F2600364C1A /* Resources */,
				0AB9CDF3C7D1555D9EFBBF20 /* [CP] Embed Pods Frameworks */,
			);
			buildRules = (
			);
			dependencies = (
				B5EEDD9425D83F2600364C1A /* PBXTargetDependency */,
			);
			name = GBShopUITests;
			productName = GBShopUITests;
			productReference = B5EEDD9225D83F2600364C1A /* GBShopUITests.xctest */;
			productType = "com.apple.product-type.bundle.ui-testing";
		};
/* End PBXNativeTarget section */

/* Begin PBXProject section */
		B5EEDD6925D83F2400364C1A /* Project object */ = {
			isa = PBXProject;
			attributes = {
				LastSwiftUpdateCheck = 1240;
				LastUpgradeCheck = 1240;
				TargetAttributes = {
					B5EEDD7025D83F2400364C1A = {
						CreatedOnToolsVersion = 12.4;
					};
					B5EEDD8625D83F2600364C1A = {
						CreatedOnToolsVersion = 12.4;
						TestTargetID = B5EEDD7025D83F2400364C1A;
					};
					B5EEDD9125D83F2600364C1A = {
						CreatedOnToolsVersion = 12.4;
						TestTargetID = B5EEDD7025D83F2400364C1A;
					};
				};
			};
			buildConfigurationList = B5EEDD6C25D83F2400364C1A /* Build configuration list for PBXProject "GBShop" */;
			compatibilityVersion = "Xcode 9.3";
			developmentRegion = en;
			hasScannedForEncodings = 0;
			knownRegions = (
				en,
				Base,
			);
			mainGroup = B5EEDD6825D83F2400364C1A;
			packageReferences = (
				B518C34025DC3C7100433FA6 /* XCRemoteSwiftPackageReference "Alamofire" */,
			);
			productRefGroup = B5EEDD7225D83F2400364C1A /* Products */;
			projectDirPath = "";
			projectRoot = "";
			targets = (
				B5EEDD7025D83F2400364C1A /* GBShop */,
				B5EEDD8625D83F2600364C1A /* GBShopTests */,
				B5EEDD9125D83F2600364C1A /* GBShopUITests */,
			);
		};
/* End PBXProject section */

/* Begin PBXResourcesBuildPhase section */
		B5EEDD6F25D83F2400364C1A /* Resources */ = {
			isa = PBXResourcesBuildPhase;
			buildActionMask = 2147483647;
			files = (
				B52278C425F09B9B0033E06D /* .swiftlint.yml in Resources */,
				B50B48E926121A28009FDB12 /* GoogleService-Info.plist in Resources */,
				B5EEDD8125D83F2500364C1A /* LaunchScreen.storyboard in Resources */,
				B5EEDD7E25D83F2500364C1A /* Assets.xcassets in Resources */,
			);
			runOnlyForDeploymentPostprocessing = 0;
		};
		B5EEDD8525D83F2600364C1A /* Resources */ = {
			isa = PBXResourcesBuildPhase;
			buildActionMask = 2147483647;
			files = (
			);
			runOnlyForDeploymentPostprocessing = 0;
		};
		B5EEDD9025D83F2600364C1A /* Resources */ = {
			isa = PBXResourcesBuildPhase;
			buildActionMask = 2147483647;
			files = (
			);
			runOnlyForDeploymentPostprocessing = 0;
		};
/* End PBXResourcesBuildPhase section */

/* Begin PBXShellScriptBuildPhase section */
		0AB9CDF3C7D1555D9EFBBF20 /* [CP] Embed Pods Frameworks */ = {
			isa = PBXShellScriptBuildPhase;
			buildActionMask = 2147483647;
			files = (
			);
			inputFileListPaths = (
				"${PODS_ROOT}/Target Support Files/Pods-GBShop-GBShopUITests/Pods-GBShop-GBShopUITests-frameworks-${CONFIGURATION}-input-files.xcfilelist",
			);
			name = "[CP] Embed Pods Frameworks";
			outputFileListPaths = (
				"${PODS_ROOT}/Target Support Files/Pods-GBShop-GBShopUITests/Pods-GBShop-GBShopUITests-frameworks-${CONFIGURATION}-output-files.xcfilelist",
			);
			runOnlyForDeploymentPostprocessing = 0;
			shellPath = /bin/sh;
			shellScript = "\"${PODS_ROOT}/Target Support Files/Pods-GBShop-GBShopUITests/Pods-GBShop-GBShopUITests-frameworks.sh\"\n";
			showEnvVarsInLog = 0;
		};
		62D1183DE8D9522F612598B1 /* [CP] Check Pods Manifest.lock */ = {
			isa = PBXShellScriptBuildPhase;
			buildActionMask = 2147483647;
			files = (
			);
			inputFileListPaths = (
			);
			inputPaths = (
				"${PODS_PODFILE_DIR_PATH}/Podfile.lock",
				"${PODS_ROOT}/Manifest.lock",
			);
			name = "[CP] Check Pods Manifest.lock";
			outputFileListPaths = (
			);
			outputPaths = (
				"$(DERIVED_FILE_DIR)/Pods-GBShopTests-checkManifestLockResult.txt",
			);
			runOnlyForDeploymentPostprocessing = 0;
			shellPath = /bin/sh;
			shellScript = "diff \"${PODS_PODFILE_DIR_PATH}/Podfile.lock\" \"${PODS_ROOT}/Manifest.lock\" > /dev/null\nif [ $? != 0 ] ; then\n    # print error to STDERR\n    echo \"error: The sandbox is not in sync with the Podfile.lock. Run 'pod install' or update your CocoaPods installation.\" >&2\n    exit 1\nfi\n# This output is used by Xcode 'outputs' to avoid re-running this script phase.\necho \"SUCCESS\" > \"${SCRIPT_OUTPUT_FILE_0}\"\n";
			showEnvVarsInLog = 0;
		};
		6B5BCC94861BB47909BCDC02 /* [CP] Check Pods Manifest.lock */ = {
			isa = PBXShellScriptBuildPhase;
			buildActionMask = 2147483647;
			files = (
			);
			inputFileListPaths = (
			);
			inputPaths = (
				"${PODS_PODFILE_DIR_PATH}/Podfile.lock",
				"${PODS_ROOT}/Manifest.lock",
			);
			name = "[CP] Check Pods Manifest.lock";
			outputFileListPaths = (
			);
			outputPaths = (
				"$(DERIVED_FILE_DIR)/Pods-GBShop-checkManifestLockResult.txt",
			);
			runOnlyForDeploymentPostprocessing = 0;
			shellPath = /bin/sh;
			shellScript = "diff \"${PODS_PODFILE_DIR_PATH}/Podfile.lock\" \"${PODS_ROOT}/Manifest.lock\" > /dev/null\nif [ $? != 0 ] ; then\n    # print error to STDERR\n    echo \"error: The sandbox is not in sync with the Podfile.lock. Run 'pod install' or update your CocoaPods installation.\" >&2\n    exit 1\nfi\n# This output is used by Xcode 'outputs' to avoid re-running this script phase.\necho \"SUCCESS\" > \"${SCRIPT_OUTPUT_FILE_0}\"\n";
			showEnvVarsInLog = 0;
		};
		84E287D5F54E20CFC82D70A9 /* [CP] Check Pods Manifest.lock */ = {
			isa = PBXShellScriptBuildPhase;
			buildActionMask = 2147483647;
			files = (
			);
			inputFileListPaths = (
			);
			inputPaths = (
				"${PODS_PODFILE_DIR_PATH}/Podfile.lock",
				"${PODS_ROOT}/Manifest.lock",
			);
			name = "[CP] Check Pods Manifest.lock";
			outputFileListPaths = (
			);
			outputPaths = (
				"$(DERIVED_FILE_DIR)/Pods-GBShop-GBShopUITests-checkManifestLockResult.txt",
			);
			runOnlyForDeploymentPostprocessing = 0;
			shellPath = /bin/sh;
			shellScript = "diff \"${PODS_PODFILE_DIR_PATH}/Podfile.lock\" \"${PODS_ROOT}/Manifest.lock\" > /dev/null\nif [ $? != 0 ] ; then\n    # print error to STDERR\n    echo \"error: The sandbox is not in sync with the Podfile.lock. Run 'pod install' or update your CocoaPods installation.\" >&2\n    exit 1\nfi\n# This output is used by Xcode 'outputs' to avoid re-running this script phase.\necho \"SUCCESS\" > \"${SCRIPT_OUTPUT_FILE_0}\"\n";
			showEnvVarsInLog = 0;
		};
		B50B48E426121908009FDB12 /* FireBase */ = {
			isa = PBXShellScriptBuildPhase;
			buildActionMask = 2147483647;
			files = (
			);
			inputFileListPaths = (
			);
			inputPaths = (
				"${DWARF_DSYM_FOLDER_PATH}/${DWARF_DSYM_FILE_NAME}/Contents/Resources/DWARF/${TARGET_NAME}",
			);
			name = FireBase;
			outputFileListPaths = (
			);
			outputPaths = (
			);
			runOnlyForDeploymentPostprocessing = 0;
			shellPath = /bin/sh;
			shellScript = "# Type a script or drag a script file from your workspace to insert its path.\n\"${PODS_ROOT}/FirebaseCrashlytics/run\"\n";
		};
		B50F38C625F0900400D6FB27 /* ShellScript */ = {
			isa = PBXShellScriptBuildPhase;
			buildActionMask = 2147483647;
			files = (
			);
			inputFileListPaths = (
			);
			inputPaths = (
			);
			outputFileListPaths = (
			);
			outputPaths = (
			);
			runOnlyForDeploymentPostprocessing = 0;
			shellPath = /bin/sh;
			shellScript = "if which swiftlint >/dev/null; then\n  swiftlint\nelse\n  echo \"warning: SwiftLint not installed, download from https://github.com/realm/SwiftLint\"\nfi\n";
		};
		C3E10515354DD34A795E5E3C /* [CP] Embed Pods Frameworks */ = {
			isa = PBXShellScriptBuildPhase;
			buildActionMask = 2147483647;
			files = (
			);
			inputFileListPaths = (
				"${PODS_ROOT}/Target Support Files/Pods-GBShop/Pods-GBShop-frameworks-${CONFIGURATION}-input-files.xcfilelist",
			);
			name = "[CP] Embed Pods Frameworks";
			outputFileListPaths = (
				"${PODS_ROOT}/Target Support Files/Pods-GBShop/Pods-GBShop-frameworks-${CONFIGURATION}-output-files.xcfilelist",
			);
			runOnlyForDeploymentPostprocessing = 0;
			shellPath = /bin/sh;
			shellScript = "\"${PODS_ROOT}/Target Support Files/Pods-GBShop/Pods-GBShop-frameworks.sh\"\n";
			showEnvVarsInLog = 0;
		};
/* End PBXShellScriptBuildPhase section */

/* Begin PBXSourcesBuildPhase section */
		B5EEDD6D25D83F2400364C1A /* Sources */ = {
			isa = PBXSourcesBuildPhase;
			buildActionMask = 2147483647;
			files = (
				B548FAFC260CAD6C00AEBF1C /* BasketView.swift in Sources */,
				B518C38725DD88DF00433FA6 /* LogoutRequestFactory.swift in Sources */,
				B518C36A25DD6E8700433FA6 /* RequestFactory.swift in Sources */,
				B518C33725DC327200433FA6 /* AbstractErrorParser.swift in Sources */,
				B550CE0025F6858C00D5E0CC /* PayBasketResult.swift in Sources */,
				B550CDB625F67D1600D5E0CC /* GetReviewsResult.swift in Sources */,
				B52278E725F0ADBD0033E06D /* RemoveReviewResult.swift in Sources */,
				B518C34725DD6BE400433FA6 /* ResponseCodable.swift in Sources */,
				B518C37725DD7C2200433FA6 /* SignUpResult.swift in Sources */,
				B52FD26E25E3EA2D00DC184F /* ProductResult.swift in Sources */,
				B52FD24825E3DF9B00DC184F /* GetProductsCatalog.swift in Sources */,
				B518C38125DD7DAB00433FA6 /* SignUp.swift in Sources */,
				B550CDDF25F682A700D5E0CC /* DeleteFromBasket.swift in Sources */,
				B518C3AE25DD8D0400433FA6 /* ChangeUserData.swift in Sources */,
				B518C36025DD6DFF00433FA6 /* AuthRequestFactory.swift in Sources */,
				B550CDBB25F67D8600D5E0CC /* GetReviews.swift in Sources */,
				B517A52B25FA381000B4BFC4 /* LoginView.swift in Sources */,
				B560AB4F26026AB10086B443 /* ProductsCatalogViewController.swift in Sources */,
				B527ECB726087C940099BDB7 /* Review.swift in Sources */,
				B548FB06260CAEE900AEBF1C /* BasketCell.swift in Sources */,
				B518C35125DD6CD100433FA6 /* RequestRouter.swift in Sources */,
				B550CDE525F682DD00D5E0CC /* DeleteFromBasketRequestFactory.swift in Sources */,
				B518C37C25DD7C9400433FA6 /* SignUpRequestFactory.swift in Sources */,
				B5EEDD7525D83F2400364C1A /* AppDelegate.swift in Sources */,
				B52278CA25F0A4FF0033E06D /* AddReview.swift in Sources */,
				B52278F225F0B31E0033E06D /* ApproveReviewRequestFactory.swift in Sources */,
				B518C35625DD6D8B00433FA6 /* LoginResult.swift in Sources */,
				B50B48F226121DAF009FDB12 /* FireBaseAnalytics.swift in Sources */,
				B52278DA25F0AD820033E06D /* RemoveReview.swift in Sources */,
				B517A54725FA38A400B4BFC4 /* UserInfoPageViewController.swift in Sources */,
				B548FB10260CF19F00AEBF1C /* BasketItem.swift in Sources */,
				B527ECAD260878F30099BDB7 /* ReviewsViewController.swift in Sources */,
				B518C3A625DD8CF000433FA6 /* ChangeUserDataRequestFactory.swift in Sources */,
				B560AB5426026AC60086B443 /* ProductsCatalogCell.swift in Sources */,
				B560AB59260271B90086B443 /* Product.swift in Sources */,
				B52FD26925E3E48100DC184F /* GetProductById.swift in Sources */,
				B518C38F25DD88F800433FA6 /* Logout.swift in Sources */,
				B517A54D25FA5CC100B4BFC4 /* AppStartManager.swift in Sources */,
				B52278CF25F0A5150033E06D /* AddReviewRequestFactory.swift in Sources */,
				B560AB6B26027D270086B443 /* TabBarController.swift in Sources */,
				B518C36525DD6E4D00433FA6 /* Auth.swift in Sources */,
				B517A54225FA389300B4BFC4 /* UserInfoPageView.swift in Sources */,
				B550CDC125F67DC300D5E0CC /* GetReviewsRequestFactory.swift in Sources */,
				B550CDCA25F6806700D5E0CC /* AddToBasket.swift in Sources */,
				B518C35B25DD6DAC00433FA6 /* User.swift in Sources */,
				B550CDF225F6854500D5E0CC /* PayBasket.swift in Sources */,
				B5EEDD7725D83F2400364C1A /* SceneDelegate.swift in Sources */,
				B55DF8CB26086AA40008DFF7 /* ProductInfoPageView.swift in Sources */,
				B518C3B325DD8D7800433FA6 /* ChangeUserDataResult.swift in Sources */,
				B52278E225F0AD970033E06D /* RemoveReviewRequestFactory.swift in Sources */,
				B550CDF825F6857300D5E0CC /* PayBasketRequestFactory.swift in Sources */,
				B527ECA5260878D80099BDB7 /* ReviewsView.swift in Sources */,
				B518C34C25DD6C9800433FA6 /* AbstractRequestFactory.swift in Sources */,
				B517A53325FA382200B4BFC4 /* LoginViewController.swift in Sources */,
				B55DF8D226086AE00008DFF7 /* ProductInfoPageViewController.swift in Sources */,
				B548FB01260CAD8100AEBF1C /* BasketViewController.swift in Sources */,
				B52278ED25F0B2F40033E06D /* ApproveReview.swift in Sources */,
				B52278D425F0A9EB0033E06D /* AddReviewResult.swift in Sources */,
				B548FB0B260CAF2800AEBF1C /* BasketCellDelegate.swift in Sources */,
				B52278F725F0B33E0033E06D /* ApproveReviewResult.swift in Sources */,
				B550CDEA25F682F600D5E0CC /* DeleteFromBasketResult.swift in Sources */,
				B52FD26125E3E46800DC184F /* GetProductByIdRequestFactory.swift in Sources */,
				B527ECC3260C8A700099BDB7 /* ProductsNavigationController.swift in Sources */,
				B52FD25B25E3E0EA00DC184F /* ProductsCatalogResult.swift in Sources */,
				B527ECB2260879080099BDB7 /* ReviewsCell.swift in Sources */,
				B550CDD725F680DB00D5E0CC /* AddToBasketResult.swift in Sources */,
				B517A53825FA383600B4BFC4 /* SignUpView.swift in Sources */,
				B550CDD225F6807900D5E0CC /* AddToBasketRequestFactory.swift in Sources */,
				B527ECDD260C9C650099BDB7 /* ReviewsCellDelegate.swift in Sources */,
				B518C39425DD895900433FA6 /* LogoutResult.swift in Sources */,
				B52FD25625E3DFFA00DC184F /* GetProductsCatalogRequestFactory.swift in Sources */,
				B517A53D25FA384800B4BFC4 /* SignUpViewController.swift in Sources */,
				B560AB4726026AA20086B443 /* ProductsCatalogView.swift in Sources */,
				B518C33C25DC3A4C00433FA6 /* ErrorParser.swift in Sources */,
			);
			runOnlyForDeploymentPostprocessing = 0;
		};
		B5EEDD8325D83F2600364C1A /* Sources */ = {
			isa = PBXSourcesBuildPhase;
			buildActionMask = 2147483647;
			files = (
				B52FD23C25E2BE3600DC184F /* RequestFactoryTests.swift in Sources */,
			);
			runOnlyForDeploymentPostprocessing = 0;
		};
		B5EEDD8E25D83F2600364C1A /* Sources */ = {
			isa = PBXSourcesBuildPhase;
			buildActionMask = 2147483647;
			files = (
				B5EEDD9725D83F2600364C1A /* GBShopUITests.swift in Sources */,
			);
			runOnlyForDeploymentPostprocessing = 0;
		};
/* End PBXSourcesBuildPhase section */

/* Begin PBXTargetDependency section */
		B5EEDD8925D83F2600364C1A /* PBXTargetDependency */ = {
			isa = PBXTargetDependency;
			target = B5EEDD7025D83F2400364C1A /* GBShop */;
			targetProxy = B5EEDD8825D83F2600364C1A /* PBXContainerItemProxy */;
		};
		B5EEDD9425D83F2600364C1A /* PBXTargetDependency */ = {
			isa = PBXTargetDependency;
			target = B5EEDD7025D83F2400364C1A /* GBShop */;
			targetProxy = B5EEDD9325D83F2600364C1A /* PBXContainerItemProxy */;
		};
/* End PBXTargetDependency section */

/* Begin PBXVariantGroup section */
		B5EEDD7F25D83F2500364C1A /* LaunchScreen.storyboard */ = {
			isa = PBXVariantGroup;
			children = (
				B5EEDD8025D83F2500364C1A /* Base */,
			);
			name = LaunchScreen.storyboard;
			sourceTree = "<group>";
		};
/* End PBXVariantGroup section */

/* Begin XCBuildConfiguration section */
		B5EEDD9925D83F2600364C1A /* Debug */ = {
			isa = XCBuildConfiguration;
			buildSettings = {
				ALWAYS_SEARCH_USER_PATHS = NO;
				CLANG_ANALYZER_NONNULL = YES;
				CLANG_ANALYZER_NUMBER_OBJECT_CONVERSION = YES_AGGRESSIVE;
				CLANG_CXX_LANGUAGE_STANDARD = "gnu++14";
				CLANG_CXX_LIBRARY = "libc++";
				CLANG_ENABLE_MODULES = YES;
				CLANG_ENABLE_OBJC_ARC = YES;
				CLANG_ENABLE_OBJC_WEAK = YES;
				CLANG_WARN_BLOCK_CAPTURE_AUTORELEASING = YES;
				CLANG_WARN_BOOL_CONVERSION = YES;
				CLANG_WARN_COMMA = YES;
				CLANG_WARN_CONSTANT_CONVERSION = YES;
				CLANG_WARN_DEPRECATED_OBJC_IMPLEMENTATIONS = YES;
				CLANG_WARN_DIRECT_OBJC_ISA_USAGE = YES_ERROR;
				CLANG_WARN_DOCUMENTATION_COMMENTS = YES;
				CLANG_WARN_EMPTY_BODY = YES;
				CLANG_WARN_ENUM_CONVERSION = YES;
				CLANG_WARN_INFINITE_RECURSION = YES;
				CLANG_WARN_INT_CONVERSION = YES;
				CLANG_WARN_NON_LITERAL_NULL_CONVERSION = YES;
				CLANG_WARN_OBJC_IMPLICIT_RETAIN_SELF = YES;
				CLANG_WARN_OBJC_LITERAL_CONVERSION = YES;
				CLANG_WARN_OBJC_ROOT_CLASS = YES_ERROR;
				CLANG_WARN_QUOTED_INCLUDE_IN_FRAMEWORK_HEADER = YES;
				CLANG_WARN_RANGE_LOOP_ANALYSIS = YES;
				CLANG_WARN_STRICT_PROTOTYPES = YES;
				CLANG_WARN_SUSPICIOUS_MOVE = YES;
				CLANG_WARN_UNGUARDED_AVAILABILITY = YES_AGGRESSIVE;
				CLANG_WARN_UNREACHABLE_CODE = YES;
				CLANG_WARN__DUPLICATE_METHOD_MATCH = YES;
				COPY_PHASE_STRIP = NO;
				DEBUG_INFORMATION_FORMAT = dwarf;
				ENABLE_STRICT_OBJC_MSGSEND = YES;
				ENABLE_TESTABILITY = YES;
				GCC_C_LANGUAGE_STANDARD = gnu11;
				GCC_DYNAMIC_NO_PIC = NO;
				GCC_NO_COMMON_BLOCKS = YES;
				GCC_OPTIMIZATION_LEVEL = 0;
				GCC_PREPROCESSOR_DEFINITIONS = (
					"DEBUG=1",
					"$(inherited)",
				);
				GCC_WARN_64_TO_32_BIT_CONVERSION = YES;
				GCC_WARN_ABOUT_RETURN_TYPE = YES_ERROR;
				GCC_WARN_UNDECLARED_SELECTOR = YES;
				GCC_WARN_UNINITIALIZED_AUTOS = YES_AGGRESSIVE;
				GCC_WARN_UNUSED_FUNCTION = YES;
				GCC_WARN_UNUSED_VARIABLE = YES;
				IPHONEOS_DEPLOYMENT_TARGET = 14.4;
				MTL_ENABLE_DEBUG_INFO = INCLUDE_SOURCE;
				MTL_FAST_MATH = YES;
				ONLY_ACTIVE_ARCH = YES;
				SDKROOT = iphoneos;
				SWIFT_ACTIVE_COMPILATION_CONDITIONS = DEBUG;
				SWIFT_OPTIMIZATION_LEVEL = "-Onone";
			};
			name = Debug;
		};
		B5EEDD9A25D83F2600364C1A /* Release */ = {
			isa = XCBuildConfiguration;
			buildSettings = {
				ALWAYS_SEARCH_USER_PATHS = NO;
				CLANG_ANALYZER_NONNULL = YES;
				CLANG_ANALYZER_NUMBER_OBJECT_CONVERSION = YES_AGGRESSIVE;
				CLANG_CXX_LANGUAGE_STANDARD = "gnu++14";
				CLANG_CXX_LIBRARY = "libc++";
				CLANG_ENABLE_MODULES = YES;
				CLANG_ENABLE_OBJC_ARC = YES;
				CLANG_ENABLE_OBJC_WEAK = YES;
				CLANG_WARN_BLOCK_CAPTURE_AUTORELEASING = YES;
				CLANG_WARN_BOOL_CONVERSION = YES;
				CLANG_WARN_COMMA = YES;
				CLANG_WARN_CONSTANT_CONVERSION = YES;
				CLANG_WARN_DEPRECATED_OBJC_IMPLEMENTATIONS = YES;
				CLANG_WARN_DIRECT_OBJC_ISA_USAGE = YES_ERROR;
				CLANG_WARN_DOCUMENTATION_COMMENTS = YES;
				CLANG_WARN_EMPTY_BODY = YES;
				CLANG_WARN_ENUM_CONVERSION = YES;
				CLANG_WARN_INFINITE_RECURSION = YES;
				CLANG_WARN_INT_CONVERSION = YES;
				CLANG_WARN_NON_LITERAL_NULL_CONVERSION = YES;
				CLANG_WARN_OBJC_IMPLICIT_RETAIN_SELF = YES;
				CLANG_WARN_OBJC_LITERAL_CONVERSION = YES;
				CLANG_WARN_OBJC_ROOT_CLASS = YES_ERROR;
				CLANG_WARN_QUOTED_INCLUDE_IN_FRAMEWORK_HEADER = YES;
				CLANG_WARN_RANGE_LOOP_ANALYSIS = YES;
				CLANG_WARN_STRICT_PROTOTYPES = YES;
				CLANG_WARN_SUSPICIOUS_MOVE = YES;
				CLANG_WARN_UNGUARDED_AVAILABILITY = YES_AGGRESSIVE;
				CLANG_WARN_UNREACHABLE_CODE = YES;
				CLANG_WARN__DUPLICATE_METHOD_MATCH = YES;
				COPY_PHASE_STRIP = NO;
				DEBUG_INFORMATION_FORMAT = "dwarf-with-dsym";
				ENABLE_NS_ASSERTIONS = NO;
				ENABLE_STRICT_OBJC_MSGSEND = YES;
				GCC_C_LANGUAGE_STANDARD = gnu11;
				GCC_NO_COMMON_BLOCKS = YES;
				GCC_WARN_64_TO_32_BIT_CONVERSION = YES;
				GCC_WARN_ABOUT_RETURN_TYPE = YES_ERROR;
				GCC_WARN_UNDECLARED_SELECTOR = YES;
				GCC_WARN_UNINITIALIZED_AUTOS = YES_AGGRESSIVE;
				GCC_WARN_UNUSED_FUNCTION = YES;
				GCC_WARN_UNUSED_VARIABLE = YES;
				IPHONEOS_DEPLOYMENT_TARGET = 14.4;
				MTL_ENABLE_DEBUG_INFO = NO;
				MTL_FAST_MATH = YES;
				SDKROOT = iphoneos;
				SWIFT_COMPILATION_MODE = wholemodule;
				SWIFT_OPTIMIZATION_LEVEL = "-O";
				VALIDATE_PRODUCT = YES;
			};
			name = Release;
		};
		B5EEDD9C25D83F2600364C1A /* Debug */ = {
			isa = XCBuildConfiguration;
			baseConfigurationReference = 251D7DC33DEA1887CCDAE8F9 /* Pods-GBShop.debug.xcconfig */;
			buildSettings = {
				ASSETCATALOG_COMPILER_APPICON_NAME = AppIcon;
				ASSETCATALOG_COMPILER_GLOBAL_ACCENT_COLOR_NAME = AccentColor;
				CODE_SIGN_STYLE = Automatic;
				DEBUG_INFORMATION_FORMAT = "dwarf-with-dsym";
				DEVELOPMENT_TEAM = 68K772KRF2;
				INFOPLIST_FILE = GBShop/Environments/Info.plist;
				LD_RUNPATH_SEARCH_PATHS = (
					"$(inherited)",
					"@executable_path/Frameworks",
				);
				PRODUCT_BUNDLE_IDENTIFIER = IZinde.GBShop;
				PRODUCT_NAME = "$(TARGET_NAME)";
				SWIFT_VERSION = 5.0;
				TARGETED_DEVICE_FAMILY = "1,2";
			};
			name = Debug;
		};
		B5EEDD9D25D83F2600364C1A /* Release */ = {
			isa = XCBuildConfiguration;
			baseConfigurationReference = 8B483AE2FEEDB027D588A8F4 /* Pods-GBShop.release.xcconfig */;
			buildSettings = {
				ASSETCATALOG_COMPILER_APPICON_NAME = AppIcon;
				ASSETCATALOG_COMPILER_GLOBAL_ACCENT_COLOR_NAME = AccentColor;
				CODE_SIGN_STYLE = Automatic;
				DEVELOPMENT_TEAM = 68K772KRF2;
				INFOPLIST_FILE = GBShop/Environments/Info.plist;
				LD_RUNPATH_SEARCH_PATHS = (
					"$(inherited)",
					"@executable_path/Frameworks",
				);
				PRODUCT_BUNDLE_IDENTIFIER = IZinde.GBShop;
				PRODUCT_NAME = "$(TARGET_NAME)";
				SWIFT_VERSION = 5.0;
				TARGETED_DEVICE_FAMILY = "1,2";
			};
			name = Release;
		};
		B5EEDD9F25D83F2600364C1A /* Debug */ = {
			isa = XCBuildConfiguration;
			baseConfigurationReference = 932F6C5B063C118572DE3154 /* Pods-GBShopTests.debug.xcconfig */;
			buildSettings = {
				ALWAYS_EMBED_SWIFT_STANDARD_LIBRARIES = YES;
				BUNDLE_LOADER = "$(TEST_HOST)";
				CODE_SIGN_STYLE = Automatic;
				DEVELOPMENT_TEAM = 68K772KRF2;
				INFOPLIST_FILE = GBShopTests/Info.plist;
				IPHONEOS_DEPLOYMENT_TARGET = 14.4;
				LD_RUNPATH_SEARCH_PATHS = (
					"$(inherited)",
					"@executable_path/Frameworks",
					"@loader_path/Frameworks",
				);
				PRODUCT_BUNDLE_IDENTIFIER = IZinde.GBShopTests;
				PRODUCT_NAME = "$(TARGET_NAME)";
				SWIFT_VERSION = 5.0;
				TARGETED_DEVICE_FAMILY = "1,2";
				TEST_HOST = "$(BUILT_PRODUCTS_DIR)/GBShop.app/GBShop";
			};
			name = Debug;
		};
		B5EEDDA025D83F2600364C1A /* Release */ = {
			isa = XCBuildConfiguration;
			baseConfigurationReference = 0EEA5C451C69599986393228 /* Pods-GBShopTests.release.xcconfig */;
			buildSettings = {
				ALWAYS_EMBED_SWIFT_STANDARD_LIBRARIES = YES;
				BUNDLE_LOADER = "$(TEST_HOST)";
				CODE_SIGN_STYLE = Automatic;
				DEVELOPMENT_TEAM = 68K772KRF2;
				INFOPLIST_FILE = GBShopTests/Info.plist;
				IPHONEOS_DEPLOYMENT_TARGET = 14.4;
				LD_RUNPATH_SEARCH_PATHS = (
					"$(inherited)",
					"@executable_path/Frameworks",
					"@loader_path/Frameworks",
				);
				PRODUCT_BUNDLE_IDENTIFIER = IZinde.GBShopTests;
				PRODUCT_NAME = "$(TARGET_NAME)";
				SWIFT_VERSION = 5.0;
				TARGETED_DEVICE_FAMILY = "1,2";
				TEST_HOST = "$(BUILT_PRODUCTS_DIR)/GBShop.app/GBShop";
			};
			name = Release;
		};
		B5EEDDA225D83F2600364C1A /* Debug */ = {
			isa = XCBuildConfiguration;
			baseConfigurationReference = BB270650516A652671C394E4 /* Pods-GBShop-GBShopUITests.debug.xcconfig */;
			buildSettings = {
				ALWAYS_EMBED_SWIFT_STANDARD_LIBRARIES = YES;
				CODE_SIGN_STYLE = Automatic;
				DEVELOPMENT_TEAM = 68K772KRF2;
				INFOPLIST_FILE = GBShopUITests/Info.plist;
				LD_RUNPATH_SEARCH_PATHS = (
					"$(inherited)",
					"@executable_path/Frameworks",
					"@loader_path/Frameworks",
				);
				PRODUCT_BUNDLE_IDENTIFIER = IZinde.GBShopUITests;
				PRODUCT_NAME = "$(TARGET_NAME)";
				SWIFT_VERSION = 5.0;
				TARGETED_DEVICE_FAMILY = "1,2";
				TEST_TARGET_NAME = GBShop;
			};
			name = Debug;
		};
		B5EEDDA325D83F2600364C1A /* Release */ = {
			isa = XCBuildConfiguration;
			baseConfigurationReference = 0F1B73BD0F746F94A386EA5C /* Pods-GBShop-GBShopUITests.release.xcconfig */;
			buildSettings = {
				ALWAYS_EMBED_SWIFT_STANDARD_LIBRARIES = YES;
				CODE_SIGN_STYLE = Automatic;
				DEVELOPMENT_TEAM = 68K772KRF2;
				INFOPLIST_FILE = GBShopUITests/Info.plist;
				LD_RUNPATH_SEARCH_PATHS = (
					"$(inherited)",
					"@executable_path/Frameworks",
					"@loader_path/Frameworks",
				);
				PRODUCT_BUNDLE_IDENTIFIER = IZinde.GBShopUITests;
				PRODUCT_NAME = "$(TARGET_NAME)";
				SWIFT_VERSION = 5.0;
				TARGETED_DEVICE_FAMILY = "1,2";
				TEST_TARGET_NAME = GBShop;
			};
			name = Release;
		};
/* End XCBuildConfiguration section */

/* Begin XCConfigurationList section */
		B5EEDD6C25D83F2400364C1A /* Build configuration list for PBXProject "GBShop" */ = {
			isa = XCConfigurationList;
			buildConfigurations = (
				B5EEDD9925D83F2600364C1A /* Debug */,
				B5EEDD9A25D83F2600364C1A /* Release */,
			);
			defaultConfigurationIsVisible = 0;
			defaultConfigurationName = Release;
		};
		B5EEDD9B25D83F2600364C1A /* Build configuration list for PBXNativeTarget "GBShop" */ = {
			isa = XCConfigurationList;
			buildConfigurations = (
				B5EEDD9C25D83F2600364C1A /* Debug */,
				B5EEDD9D25D83F2600364C1A /* Release */,
			);
			defaultConfigurationIsVisible = 0;
			defaultConfigurationName = Release;
		};
		B5EEDD9E25D83F2600364C1A /* Build configuration list for PBXNativeTarget "GBShopTests" */ = {
			isa = XCConfigurationList;
			buildConfigurations = (
				B5EEDD9F25D83F2600364C1A /* Debug */,
				B5EEDDA025D83F2600364C1A /* Release */,
			);
			defaultConfigurationIsVisible = 0;
			defaultConfigurationName = Release;
		};
		B5EEDDA125D83F2600364C1A /* Build configuration list for PBXNativeTarget "GBShopUITests" */ = {
			isa = XCConfigurationList;
			buildConfigurations = (
				B5EEDDA225D83F2600364C1A /* Debug */,
				B5EEDDA325D83F2600364C1A /* Release */,
			);
			defaultConfigurationIsVisible = 0;
			defaultConfigurationName = Release;
		};
/* End XCConfigurationList section */

/* Begin XCRemoteSwiftPackageReference section */
		B518C34025DC3C7100433FA6 /* XCRemoteSwiftPackageReference "Alamofire" */ = {
			isa = XCRemoteSwiftPackageReference;
			repositoryURL = "https://github.com/Alamofire/Alamofire";
			requirement = {
				kind = upToNextMajorVersion;
				minimumVersion = 5.4.1;
			};
		};
/* End XCRemoteSwiftPackageReference section */

/* Begin XCSwiftPackageProductDependency section */
		B518C34125DC3C7100433FA6 /* Alamofire */ = {
			isa = XCSwiftPackageProductDependency;
			package = B518C34025DC3C7100433FA6 /* XCRemoteSwiftPackageReference "Alamofire" */;
			productName = Alamofire;
		};
/* End XCSwiftPackageProductDependency section */
	};
	rootObject = B5EEDD6925D83F2400364C1A /* Project object */;
}
