// !$*UTF8*$!
{
	archiveVersion = 1;
	classes = {
	};
	objectVersion = 50;
	objects = {

/* Begin PBXBuildFile section */
		B5EEDD7525D83F2400364C1A /* AppDelegate.swift in Sources */ = {isa = PBXBuildFile; fileRef = B5EEDD7425D83F2400364C1A /* AppDelegate.swift */; };
		B5EEDD7725D83F2400364C1A /* SceneDelegate.swift in Sources */ = {isa = PBXBuildFile; fileRef = B5EEDD7625D83F2400364C1A /* SceneDelegate.swift */; };
		B5EEDD7E25D83F2500364C1A /* Assets.xcassets in Resources */ = {isa = PBXBuildFile; fileRef = B5EEDD7D25D83F2500364C1A /* Assets.xcassets */; };
		B5EEDD8125D83F2500364C1A /* LaunchScreen.storyboard in Resources */ = {isa = PBXBuildFile; fileRef = B5EEDD7F25D83F2500364C1A /* LaunchScreen.storyboard */; };
		B5EEDD8C25D83F2600364C1A /* GBShopTests.swift in Sources */ = {isa = PBXBuildFile; fileRef = B5EEDD8B25D83F2600364C1A /* GBShopTests.swift */; };
		B5EEDD9725D83F2600364C1A /* GBShopUITests.swift in Sources */ = {isa = PBXBuildFile; fileRef = B5EEDD9625D83F2600364C1A /* GBShopUITests.swift */; };
/* End PBXBuildFile section */

/* Begin PBXContainerItemProxy section */
		B5EEDD8825D83F2600364C1A /* PBXContainerItemProxy */ = {
			isa = PBXContainerItemProxy;
			containerPortal = B5EEDD6925D83F2400364C1A /* Project object */;
			proxyType = 1;
			remoteGlobalIDString = B5EEDD7025D83F2400364C1A;
			remoteInfo = GBShop;
		};
		B5EEDD9325D83F2600364C1A /* PBXContainerItemProxy */ = {
			isa = PBXContainerItemProxy;
			containerPortal = B5EEDD6925D83F2400364C1A /* Project object */;
			proxyType = 1;
			remoteGlobalIDString = B5EEDD7025D83F2400364C1A;
			remoteInfo = GBShop;
		};
/* End PBXContainerItemProxy section */

/* Begin PBXFileReference section */
		B5EEDD7125D83F2400364C1A /* GBShop.app */ = {isa = PBXFileReference; explicitFileType = wrapper.application; includeInIndex = 0; path = GBShop.app; sourceTree = BUILT_PRODUCTS_DIR; };
		B5EEDD7425D83F2400364C1A /* AppDelegate.swift */ = {isa = PBXFileReference; lastKnownFileType = sourcecode.swift; path = AppDelegate.swift; sourceTree = "<group>"; };
		B5EEDD7625D83F2400364C1A /* SceneDelegate.swift */ = {isa = PBXFileReference; lastKnownFileType = sourcecode.swift; path = SceneDelegate.swift; sourceTree = "<group>"; };
		B5EEDD7D25D83F2500364C1A /* Assets.xcassets */ = {isa = PBXFileReference; lastKnownFileType = folder.assetcatalog; path = Assets.xcassets; sourceTree = "<group>"; };
		B5EEDD8025D83F2500364C1A /* Base */ = {isa = PBXFileReference; lastKnownFileType = file.storyboard; name = Base; path = Base.lproj/LaunchScreen.storyboard; sourceTree = "<group>"; };
		B5EEDD8225D83F2500364C1A /* Info.plist */ = {isa = PBXFileReference; lastKnownFileType = text.plist.xml; path = Info.plist; sourceTree = "<group>"; };
		B5EEDD8725D83F2600364C1A /* GBShopTests.xctest */ = {isa = PBXFileReference; explicitFileType = wrapper.cfbundle; includeInIndex = 0; path = GBShopTests.xctest; sourceTree = BUILT_PRODUCTS_DIR; };
		B5EEDD8B25D83F2600364C1A /* GBShopTests.swift */ = {isa = PBXFileReference; lastKnownFileType = sourcecode.swift; path = GBShopTests.swift; sourceTree = "<group>"; };
		B5EEDD8D25D83F2600364C1A /* Info.plist */ = {isa = PBXFileReference; lastKnownFileType = text.plist.xml; path = Info.plist; sourceTree = "<group>"; };
		B5EEDD9225D83F2600364C1A /* GBShopUITests.xctest */ = {isa = PBXFileReference; explicitFileType = wrapper.cfbundle; includeInIndex = 0; path = GBShopUITests.xctest; sourceTree = BUILT_PRODUCTS_DIR; };
		B5EEDD9625D83F2600364C1A /* GBShopUITests.swift */ = {isa = PBXFileReference; lastKnownFileType = sourcecode.swift; path = GBShopUITests.swift; sourceTree = "<group>"; };
		B5EEDD9825D83F2600364C1A /* Info.plist */ = {isa = PBXFileReference; lastKnownFileType = text.plist.xml; path = Info.plist; sourceTree = "<group>"; };
/* End PBXFileReference section */

/* Begin PBXFrameworksBuildPhase section */
		B5EEDD6E25D83F2400364C1A /* Frameworks */ = {
			isa = PBXFrameworksBuildPhase;
			buildActionMask = 2147483647;
			files = (
			);
			runOnlyForDeploymentPostprocessing = 0;
		};
		B5EEDD8425D83F2600364C1A /* Frameworks */ = {
			isa = PBXFrameworksBuildPhase;
			buildActionMask = 2147483647;
			files = (
			);
			runOnlyForDeploymentPostprocessing = 0;
		};
		B5EEDD8F25D83F2600364C1A /* Frameworks */ = {
			isa = PBXFrameworksBuildPhase;
			buildActionMask = 2147483647;
			files = (
			);
			runOnlyForDeploymentPostprocessing = 0;
		};
/* End PBXFrameworksBuildPhase section */

/* Begin PBXGroup section */
		B564AFD025D8431400114E37 /* App */ = {
			isa = PBXGroup;
			children = (
				B5EEDD7425D83F2400364C1A /* AppDelegate.swift */,
				B5EEDD7625D83F2400364C1A /* SceneDelegate.swift */,
				B564AFD125D8432400114E37 /* BusinessLogic */,
				B564AFD225D8433200114E37 /* Entity */,
				B564AFD625D8434700114E37 /* Assembly */,
				B564AFD725D8435800114E37 /* Flows */,
			);
			path = App;
			sourceTree = "<group>";
		};
		B564AFD125D8432400114E37 /* BusinessLogic */ = {
			isa = PBXGroup;
			children = (
			);
			path = BusinessLogic;
			sourceTree = "<group>";
		};
		B564AFD225D8433200114E37 /* Entity */ = {
			isa = PBXGroup;
			children = (
			);
			path = Entity;
			sourceTree = "<group>";
		};
		B564AFD625D8434700114E37 /* Assembly */ = {
			isa = PBXGroup;
			children = (
			);
			path = Assembly;
			sourceTree = "<group>";
		};
		B564AFD725D8435800114E37 /* Flows */ = {
			isa = PBXGroup;
			children = (
			);
			path = Flows;
			sourceTree = "<group>";
		};
		B564AFD825D8436E00114E37 /* Core */ = {
			isa = PBXGroup;
			children = (
			);
			path = Core;
			sourceTree = "<group>";
		};
		B564AFD925D8437C00114E37 /* Resources */ = {
			isa = PBXGroup;
			children = (
				B5EEDD7D25D83F2500364C1A /* Assets.xcassets */,
				B5EEDD7F25D83F2500364C1A /* LaunchScreen.storyboard */,
			);
			path = Resources;
			sourceTree = "<group>";
		};
		B564AFDA25D8438800114E37 /* Environments */ = {
			isa = PBXGroup;
			children = (
				B5EEDD8225D83F2500364C1A /* Info.plist */,
			);
			path = Environments;
			sourceTree = "<group>";
		};
		B5EEDD6825D83F2400364C1A = {
			isa = PBXGroup;
			children = (
				B5EEDD7325D83F2400364C1A /* GBShop */,
				B5EEDD8A25D83F2600364C1A /* GBShopTests */,
				B5EEDD9525D83F2600364C1A /* GBShopUITests */,
				B5EEDD7225D83F2400364C1A /* Products */,
			);
			sourceTree = "<group>";
		};
		B5EEDD7225D83F2400364C1A /* Products */ = {
			isa = PBXGroup;
			children = (
				B5EEDD7125D83F2400364C1A /* GBShop.app */,
				B5EEDD8725D83F2600364C1A /* GBShopTests.xctest */,
				B5EEDD9225D83F2600364C1A /* GBShopUITests.xctest */,
			);
			name = Products;
			sourceTree = "<group>";
		};
		B5EEDD7325D83F2400364C1A /* GBShop */ = {
			isa = PBXGroup;
			children = (
				B564AFD025D8431400114E37 /* App */,
				B564AFD825D8436E00114E37 /* Core */,
				B564AFD925D8437C00114E37 /* Resources */,
				B564AFDA25D8438800114E37 /* Environments */,
			);
			path = GBShop;
			sourceTree = "<group>";
		};
		B5EEDD8A25D83F2600364C1A /* GBShopTests */ = {
			isa = PBXGroup;
			children = (
				B5EEDD8B25D83F2600364C1A /* GBShopTests.swift */,
				B5EEDD8D25D83F2600364C1A /* Info.plist */,
			);
			path = GBShopTests;
			sourceTree = "<group>";
		};
		B5EEDD9525D83F2600364C1A /* GBShopUITests */ = {
			isa = PBXGroup;
			children = (
				B5EEDD9625D83F2600364C1A /* GBShopUITests.swift */,
				B5EEDD9825D83F2600364C1A /* Info.plist */,
			);
			path = GBShopUITests;
			sourceTree = "<group>";
		};
/* End PBXGroup section */

/* Begin PBXNativeTarget section */
		B5EEDD7025D83F2400364C1A /* GBShop */ = {
			isa = PBXNativeTarget;
			buildConfigurationList = B5EEDD9B25D83F2600364C1A /* Build configuration list for PBXNativeTarget "GBShop" */;
			buildPhases = (
				B5EEDD6D25D83F2400364C1A /* Sources */,
				B5EEDD6E25D83F2400364C1A /* Frameworks */,
				B5EEDD6F25D83F2400364C1A /* Resources */,
			);
			buildRules = (
			);
			dependencies = (
			);
			name = GBShop;
			productName = GBShop;
			productReference = B5EEDD7125D83F2400364C1A /* GBShop.app */;
			productType = "com.apple.product-type.application";
		};
		B5EEDD8625D83F2600364C1A /* GBShopTests */ = {
			isa = PBXNativeTarget;
			buildConfigurationList = B5EEDD9E25D83F2600364C1A /* Build configuration list for PBXNativeTarget "GBShopTests" */;
			buildPhases = (
				B5EEDD8325D83F2600364C1A /* Sources */,
				B5EEDD8425D83F2600364C1A /* Frameworks */,
				B5EEDD8525D83F2600364C1A /* Resources */,
			);
			buildRules = (
			);
			dependencies = (
				B5EEDD8925D83F2600364C1A /* PBXTargetDependency */,
			);
			name = GBShopTests;
			productName = GBShopTests;
			productReference = B5EEDD8725D83F2600364C1A /* GBShopTests.xctest */;
			productType = "com.apple.product-type.bundle.unit-test";
		};
		B5EEDD9125D83F2600364C1A /* GBShopUITests */ = {
			isa = PBXNativeTarget;
			buildConfigurationList = B5EEDDA125D83F2600364C1A /* Build configuration list for PBXNativeTarget "GBShopUITests" */;
			buildPhases = (
				B5EEDD8E25D83F2600364C1A /* Sources */,
				B5EEDD8F25D83F2600364C1A /* Frameworks */,
				B5EEDD9025D83F2600364C1A /* Resources */,
			);
			buildRules = (
			);
			dependencies = (
				B5EEDD9425D83F2600364C1A /* PBXTargetDependency */,
			);
			name = GBShopUITests;
			productName = GBShopUITests;
			productReference = B5EEDD9225D83F2600364C1A /* GBShopUITests.xctest */;
			productType = "com.apple.product-type.bundle.ui-testing";
		};
/* End PBXNativeTarget section */

/* Begin PBXProject section */
		B5EEDD6925D83F2400364C1A /* Project object */ = {
			isa = PBXProject;
			attributes = {
				LastSwiftUpdateCheck = 1240;
				LastUpgradeCheck = 1240;
				TargetAttributes = {
					B5EEDD7025D83F2400364C1A = {
						CreatedOnToolsVersion = 12.4;
					};
					B5EEDD8625D83F2600364C1A = {
						CreatedOnToolsVersion = 12.4;
						TestTargetID = B5EEDD7025D83F2400364C1A;
					};
					B5EEDD9125D83F2600364C1A = {
						CreatedOnToolsVersion = 12.4;
						TestTargetID = B5EEDD7025D83F2400364C1A;
					};
				};
			};
			buildConfigurationList = B5EEDD6C25D83F2400364C1A /* Build configuration list for PBXProject "GBShop" */;
			compatibilityVersion = "Xcode 9.3";
			developmentRegion = en;
			hasScannedForEncodings = 0;
			knownRegions = (
				en,
				Base,
			);
			mainGroup = B5EEDD6825D83F2400364C1A;
			productRefGroup = B5EEDD7225D83F2400364C1A /* Products */;
			projectDirPath = "";
			projectRoot = "";
			targets = (
				B5EEDD7025D83F2400364C1A /* GBShop */,
				B5EEDD8625D83F2600364C1A /* GBShopTests */,
				B5EEDD9125D83F2600364C1A /* GBShopUITests */,
			);
		};
/* End PBXProject section */

/* Begin PBXResourcesBuildPhase section */
		B5EEDD6F25D83F2400364C1A /* Resources */ = {
			isa = PBXResourcesBuildPhase;
			buildActionMask = 2147483647;
			files = (
				B5EEDD8125D83F2500364C1A /* LaunchScreen.storyboard in Resources */,
				B5EEDD7E25D83F2500364C1A /* Assets.xcassets in Resources */,
			);
			runOnlyForDeploymentPostprocessing = 0;
		};
		B5EEDD8525D83F2600364C1A /* Resources */ = {
			isa = PBXResourcesBuildPhase;
			buildActionMask = 2147483647;
			files = (
			);
			runOnlyForDeploymentPostprocessing = 0;
		};
		B5EEDD9025D83F2600364C1A /* Resources */ = {
			isa = PBXResourcesBuildPhase;
			buildActionMask = 2147483647;
			files = (
			);
			runOnlyForDeploymentPostprocessing = 0;
		};
/* End PBXResourcesBuildPhase section */

/* Begin PBXSourcesBuildPhase section */
		B5EEDD6D25D83F2400364C1A /* Sources */ = {
			isa = PBXSourcesBuildPhase;
			buildActionMask = 2147483647;
			files = (
				B5EEDD7525D83F2400364C1A /* AppDelegate.swift in Sources */,
				B5EEDD7725D83F2400364C1A /* SceneDelegate.swift in Sources */,
			);
			runOnlyForDeploymentPostprocessing = 0;
		};
		B5EEDD8325D83F2600364C1A /* Sources */ = {
			isa = PBXSourcesBuildPhase;
			buildActionMask = 2147483647;
			files = (
				B5EEDD8C25D83F2600364C1A /* GBShopTests.swift in Sources */,
			);
			runOnlyForDeploymentPostprocessing = 0;
		};
		B5EEDD8E25D83F2600364C1A /* Sources */ = {
			isa = PBXSourcesBuildPhase;
			buildActionMask = 2147483647;
			files = (
				B5EEDD9725D83F2600364C1A /* GBShopUITests.swift in Sources */,
			);
			runOnlyForDeploymentPostprocessing = 0;
		};
/* End PBXSourcesBuildPhase section */

/* Begin PBXTargetDependency section */
		B5EEDD8925D83F2600364C1A /* PBXTargetDependency */ = {
			isa = PBXTargetDependency;
			target = B5EEDD7025D83F2400364C1A /* GBShop */;
			targetProxy = B5EEDD8825D83F2600364C1A /* PBXContainerItemProxy */;
		};
		B5EEDD9425D83F2600364C1A /* PBXTargetDependency */ = {
			isa = PBXTargetDependency;
			target = B5EEDD7025D83F2400364C1A /* GBShop */;
			targetProxy = B5EEDD9325D83F2600364C1A /* PBXContainerItemProxy */;
		};
/* End PBXTargetDependency section */

/* Begin PBXVariantGroup section */
		B5EEDD7F25D83F2500364C1A /* LaunchScreen.storyboard */ = {
			isa = PBXVariantGroup;
			children = (
				B5EEDD8025D83F2500364C1A /* Base */,
			);
			name = LaunchScreen.storyboard;
			sourceTree = "<group>";
		};
/* End PBXVariantGroup section */

/* Begin XCBuildConfiguration section */
		B5EEDD9925D83F2600364C1A /* Debug */ = {
			isa = XCBuildConfiguration;
			buildSettings = {
				ALWAYS_SEARCH_USER_PATHS = NO;
				CLANG_ANALYZER_NONNULL = YES;
				CLANG_ANALYZER_NUMBER_OBJECT_CONVERSION = YES_AGGRESSIVE;
				CLANG_CXX_LANGUAGE_STANDARD = "gnu++14";
				CLANG_CXX_LIBRARY = "libc++";
				CLANG_ENABLE_MODULES = YES;
				CLANG_ENABLE_OBJC_ARC = YES;
				CLANG_ENABLE_OBJC_WEAK = YES;
				CLANG_WARN_BLOCK_CAPTURE_AUTORELEASING = YES;
				CLANG_WARN_BOOL_CONVERSION = YES;
				CLANG_WARN_COMMA = YES;
				CLANG_WARN_CONSTANT_CONVERSION = YES;
				CLANG_WARN_DEPRECATED_OBJC_IMPLEMENTATIONS = YES;
				CLANG_WARN_DIRECT_OBJC_ISA_USAGE = YES_ERROR;
				CLANG_WARN_DOCUMENTATION_COMMENTS = YES;
				CLANG_WARN_EMPTY_BODY = YES;
				CLANG_WARN_ENUM_CONVERSION = YES;
				CLANG_WARN_INFINITE_RECURSION = YES;
				CLANG_WARN_INT_CONVERSION = YES;
				CLANG_WARN_NON_LITERAL_NULL_CONVERSION = YES;
				CLANG_WARN_OBJC_IMPLICIT_RETAIN_SELF = YES;
				CLANG_WARN_OBJC_LITERAL_CONVERSION = YES;
				CLANG_WARN_OBJC_ROOT_CLASS = YES_ERROR;
				CLANG_WARN_QUOTED_INCLUDE_IN_FRAMEWORK_HEADER = YES;
				CLANG_WARN_RANGE_LOOP_ANALYSIS = YES;
				CLANG_WARN_STRICT_PROTOTYPES = YES;
				CLANG_WARN_SUSPICIOUS_MOVE = YES;
				CLANG_WARN_UNGUARDED_AVAILABILITY = YES_AGGRESSIVE;
				CLANG_WARN_UNREACHABLE_CODE = YES;
				CLANG_WARN__DUPLICATE_METHOD_MATCH = YES;
				COPY_PHASE_STRIP = NO;
				DEBUG_INFORMATION_FORMAT = dwarf;
				ENABLE_STRICT_OBJC_MSGSEND = YES;
				ENABLE_TESTABILITY = YES;
				GCC_C_LANGUAGE_STANDARD = gnu11;
				GCC_DYNAMIC_NO_PIC = NO;
				GCC_NO_COMMON_BLOCKS = YES;
				GCC_OPTIMIZATION_LEVEL = 0;
				GCC_PREPROCESSOR_DEFINITIONS = (
					"DEBUG=1",
					"$(inherited)",
				);
				GCC_WARN_64_TO_32_BIT_CONVERSION = YES;
				GCC_WARN_ABOUT_RETURN_TYPE = YES_ERROR;
				GCC_WARN_UNDECLARED_SELECTOR = YES;
				GCC_WARN_UNINITIALIZED_AUTOS = YES_AGGRESSIVE;
				GCC_WARN_UNUSED_FUNCTION = YES;
				GCC_WARN_UNUSED_VARIABLE = YES;
				IPHONEOS_DEPLOYMENT_TARGET = 14.4;
				MTL_ENABLE_DEBUG_INFO = INCLUDE_SOURCE;
				MTL_FAST_MATH = YES;
				ONLY_ACTIVE_ARCH = YES;
				SDKROOT = iphoneos;
				SWIFT_ACTIVE_COMPILATION_CONDITIONS = DEBUG;
				SWIFT_OPTIMIZATION_LEVEL = "-Onone";
			};
			name = Debug;
		};
		B5EEDD9A25D83F2600364C1A /* Release */ = {
			isa = XCBuildConfiguration;
			buildSettings = {
				ALWAYS_SEARCH_USER_PATHS = NO;
				CLANG_ANALYZER_NONNULL = YES;
				CLANG_ANALYZER_NUMBER_OBJECT_CONVERSION = YES_AGGRESSIVE;
				CLANG_CXX_LANGUAGE_STANDARD = "gnu++14";
				CLANG_CXX_LIBRARY = "libc++";
				CLANG_ENABLE_MODULES = YES;
				CLANG_ENABLE_OBJC_ARC = YES;
				CLANG_ENABLE_OBJC_WEAK = YES;
				CLANG_WARN_BLOCK_CAPTURE_AUTORELEASING = YES;
				CLANG_WARN_BOOL_CONVERSION = YES;
				CLANG_WARN_COMMA = YES;
				CLANG_WARN_CONSTANT_CONVERSION = YES;
				CLANG_WARN_DEPRECATED_OBJC_IMPLEMENTATIONS = YES;
				CLANG_WARN_DIRECT_OBJC_ISA_USAGE = YES_ERROR;
				CLANG_WARN_DOCUMENTATION_COMMENTS = YES;
				CLANG_WARN_EMPTY_BODY = YES;
				CLANG_WARN_ENUM_CONVERSION = YES;
				CLANG_WARN_INFINITE_RECURSION = YES;
				CLANG_WARN_INT_CONVERSION = YES;
				CLANG_WARN_NON_LITERAL_NULL_CONVERSION = YES;
				CLANG_WARN_OBJC_IMPLICIT_RETAIN_SELF = YES;
				CLANG_WARN_OBJC_LITERAL_CONVERSION = YES;
				CLANG_WARN_OBJC_ROOT_CLASS = YES_ERROR;
				CLANG_WARN_QUOTED_INCLUDE_IN_FRAMEWORK_HEADER = YES;
				CLANG_WARN_RANGE_LOOP_ANALYSIS = YES;
				CLANG_WARN_STRICT_PROTOTYPES = YES;
				CLANG_WARN_SUSPICIOUS_MOVE = YES;
				CLANG_WARN_UNGUARDED_AVAILABILITY = YES_AGGRESSIVE;
				CLANG_WARN_UNREACHABLE_CODE = YES;
				CLANG_WARN__DUPLICATE_METHOD_MATCH = YES;
				COPY_PHASE_STRIP = NO;
				DEBUG_INFORMATION_FORMAT = "dwarf-with-dsym";
				ENABLE_NS_ASSERTIONS = NO;
				ENABLE_STRICT_OBJC_MSGSEND = YES;
				GCC_C_LANGUAGE_STANDARD = gnu11;
				GCC_NO_COMMON_BLOCKS = YES;
				GCC_WARN_64_TO_32_BIT_CONVERSION = YES;
				GCC_WARN_ABOUT_RETURN_TYPE = YES_ERROR;
				GCC_WARN_UNDECLARED_SELECTOR = YES;
				GCC_WARN_UNINITIALIZED_AUTOS = YES_AGGRESSIVE;
				GCC_WARN_UNUSED_FUNCTION = YES;
				GCC_WARN_UNUSED_VARIABLE = YES;
				IPHONEOS_DEPLOYMENT_TARGET = 14.4;
				MTL_ENABLE_DEBUG_INFO = NO;
				MTL_FAST_MATH = YES;
				SDKROOT = iphoneos;
				SWIFT_COMPILATION_MODE = wholemodule;
				SWIFT_OPTIMIZATION_LEVEL = "-O";
				VALIDATE_PRODUCT = YES;
			};
			name = Release;
		};
		B5EEDD9C25D83F2600364C1A /* Debug */ = {
			isa = XCBuildConfiguration;
			buildSettings = {
				ASSETCATALOG_COMPILER_APPICON_NAME = AppIcon;
				ASSETCATALOG_COMPILER_GLOBAL_ACCENT_COLOR_NAME = AccentColor;
				CODE_SIGN_STYLE = Automatic;
				DEVELOPMENT_TEAM = 68K772KRF2;
				INFOPLIST_FILE = GBShop/Environments/Info.plist;
				LD_RUNPATH_SEARCH_PATHS = (
					"$(inherited)",
					"@executable_path/Frameworks",
				);
				PRODUCT_BUNDLE_IDENTIFIER = IZinde.GBShop;
				PRODUCT_NAME = "$(TARGET_NAME)";
				SWIFT_VERSION = 5.0;
				TARGETED_DEVICE_FAMILY = "1,2";
			};
			name = Debug;
		};
		B5EEDD9D25D83F2600364C1A /* Release */ = {
			isa = XCBuildConfiguration;
			buildSettings = {
				ASSETCATALOG_COMPILER_APPICON_NAME = AppIcon;
				ASSETCATALOG_COMPILER_GLOBAL_ACCENT_COLOR_NAME = AccentColor;
				CODE_SIGN_STYLE = Automatic;
				DEVELOPMENT_TEAM = 68K772KRF2;
				INFOPLIST_FILE = GBShop/Environments/Info.plist;
				LD_RUNPATH_SEARCH_PATHS = (
					"$(inherited)",
					"@executable_path/Frameworks",
				);
				PRODUCT_BUNDLE_IDENTIFIER = IZinde.GBShop;
				PRODUCT_NAME = "$(TARGET_NAME)";
				SWIFT_VERSION = 5.0;
				TARGETED_DEVICE_FAMILY = "1,2";
			};
			name = Release;
		};
		B5EEDD9F25D83F2600364C1A /* Debug */ = {
			isa = XCBuildConfiguration;
			buildSettings = {
				ALWAYS_EMBED_SWIFT_STANDARD_LIBRARIES = YES;
				BUNDLE_LOADER = "$(TEST_HOST)";
				CODE_SIGN_STYLE = Automatic;
				DEVELOPMENT_TEAM = 68K772KRF2;
				INFOPLIST_FILE = GBShopTests/Info.plist;
				IPHONEOS_DEPLOYMENT_TARGET = 14.4;
				LD_RUNPATH_SEARCH_PATHS = (
					"$(inherited)",
					"@executable_path/Frameworks",
					"@loader_path/Frameworks",
				);
				PRODUCT_BUNDLE_IDENTIFIER = IZinde.GBShopTests;
				PRODUCT_NAME = "$(TARGET_NAME)";
				SWIFT_VERSION = 5.0;
				TARGETED_DEVICE_FAMILY = "1,2";
				TEST_HOST = "$(BUILT_PRODUCTS_DIR)/GBShop.app/GBShop";
			};
			name = Debug;
		};
		B5EEDDA025D83F2600364C1A /* Release */ = {
			isa = XCBuildConfiguration;
			buildSettings = {
				ALWAYS_EMBED_SWIFT_STANDARD_LIBRARIES = YES;
				BUNDLE_LOADER = "$(TEST_HOST)";
				CODE_SIGN_STYLE = Automatic;
				DEVELOPMENT_TEAM = 68K772KRF2;
				INFOPLIST_FILE = GBShopTests/Info.plist;
				IPHONEOS_DEPLOYMENT_TARGET = 14.4;
				LD_RUNPATH_SEARCH_PATHS = (
					"$(inherited)",
					"@executable_path/Frameworks",
					"@loader_path/Frameworks",
				);
				PRODUCT_BUNDLE_IDENTIFIER = IZinde.GBShopTests;
				PRODUCT_NAME = "$(TARGET_NAME)";
				SWIFT_VERSION = 5.0;
				TARGETED_DEVICE_FAMILY = "1,2";
				TEST_HOST = "$(BUILT_PRODUCTS_DIR)/GBShop.app/GBShop";
			};
			name = Release;
		};
		B5EEDDA225D83F2600364C1A /* Debug */ = {
			isa = XCBuildConfiguration;
			buildSettings = {
				ALWAYS_EMBED_SWIFT_STANDARD_LIBRARIES = YES;
				CODE_SIGN_STYLE = Automatic;
				DEVELOPMENT_TEAM = 68K772KRF2;
				INFOPLIST_FILE = GBShopUITests/Info.plist;
				LD_RUNPATH_SEARCH_PATHS = (
					"$(inherited)",
					"@executable_path/Frameworks",
					"@loader_path/Frameworks",
				);
				PRODUCT_BUNDLE_IDENTIFIER = IZinde.GBShopUITests;
				PRODUCT_NAME = "$(TARGET_NAME)";
				SWIFT_VERSION = 5.0;
				TARGETED_DEVICE_FAMILY = "1,2";
				TEST_TARGET_NAME = GBShop;
			};
			name = Debug;
		};
		B5EEDDA325D83F2600364C1A /* Release */ = {
			isa = XCBuildConfiguration;
			buildSettings = {
				ALWAYS_EMBED_SWIFT_STANDARD_LIBRARIES = YES;
				CODE_SIGN_STYLE = Automatic;
				DEVELOPMENT_TEAM = 68K772KRF2;
				INFOPLIST_FILE = GBShopUITests/Info.plist;
				LD_RUNPATH_SEARCH_PATHS = (
					"$(inherited)",
					"@executable_path/Frameworks",
					"@loader_path/Frameworks",
				);
				PRODUCT_BUNDLE_IDENTIFIER = IZinde.GBShopUITests;
				PRODUCT_NAME = "$(TARGET_NAME)";
				SWIFT_VERSION = 5.0;
				TARGETED_DEVICE_FAMILY = "1,2";
				TEST_TARGET_NAME = GBShop;
			};
			name = Release;
		};
/* End XCBuildConfiguration section */

/* Begin XCConfigurationList section */
		B5EEDD6C25D83F2400364C1A /* Build configuration list for PBXProject "GBShop" */ = {
			isa = XCConfigurationList;
			buildConfigurations = (
				B5EEDD9925D83F2600364C1A /* Debug */,
				B5EEDD9A25D83F2600364C1A /* Release */,
			);
			defaultConfigurationIsVisible = 0;
			defaultConfigurationName = Release;
		};
		B5EEDD9B25D83F2600364C1A /* Build configuration list for PBXNativeTarget "GBShop" */ = {
			isa = XCConfigurationList;
			buildConfigurations = (
				B5EEDD9C25D83F2600364C1A /* Debug */,
				B5EEDD9D25D83F2600364C1A /* Release */,
			);
			defaultConfigurationIsVisible = 0;
			defaultConfigurationName = Release;
		};
		B5EEDD9E25D83F2600364C1A /* Build configuration list for PBXNativeTarget "GBShopTests" */ = {
			isa = XCConfigurationList;
			buildConfigurations = (
				B5EEDD9F25D83F2600364C1A /* Debug */,
				B5EEDDA025D83F2600364C1A /* Release */,
			);
			defaultConfigurationIsVisible = 0;
			defaultConfigurationName = Release;
		};
		B5EEDDA125D83F2600364C1A /* Build configuration list for PBXNativeTarget "GBShopUITests" */ = {
			isa = XCConfigurationList;
			buildConfigurations = (
				B5EEDDA225D83F2600364C1A /* Debug */,
				B5EEDDA325D83F2600364C1A /* Release */,
			);
			defaultConfigurationIsVisible = 0;
			defaultConfigurationName = Release;
		};
/* End XCConfigurationList section */
	};
	rootObject = B5EEDD6925D83F2400364C1A /* Project object */;
}
